// !$*UTF8*$!
{
	archiveVersion = 1;
	classes = {
	};
	objectVersion = 55;
	objects = {

/* Begin PBXBuildFile section */
		8E01D2F328CA62A600C40D10 /* Assets.xcassets in Resources */ = {isa = PBXBuildFile; fileRef = 8E01D2F228CA62A600C40D10 /* Assets.xcassets */; };
		8E01D2F928CA62A600C40D10 /* WatchLandmarks WatchKit Extension.appex in Embed App Extensions */ = {isa = PBXBuildFile; fileRef = 8E01D2F828CA62A600C40D10 /* WatchLandmarks WatchKit Extension.appex */; settings = {ATTRIBUTES = (RemoveHeadersOnCopy, ); }; };
		8E01D30028CA62A600C40D10 /* ContentView.swift in Sources */ = {isa = PBXBuildFile; fileRef = 8E01D2FF28CA62A600C40D10 /* ContentView.swift */; };
		8E01D30228CA62A600C40D10 /* NotificationController.swift in Sources */ = {isa = PBXBuildFile; fileRef = 8E01D30128CA62A600C40D10 /* NotificationController.swift */; };
		8E01D30428CA62A600C40D10 /* NotificationView.swift in Sources */ = {isa = PBXBuildFile; fileRef = 8E01D30328CA62A600C40D10 /* NotificationView.swift */; };
		8E01D30628CA62A600C40D10 /* ComplicationController.swift in Sources */ = {isa = PBXBuildFile; fileRef = 8E01D30528CA62A600C40D10 /* ComplicationController.swift */; };
		8E01D30828CA62A600C40D10 /* Assets.xcassets in Resources */ = {isa = PBXBuildFile; fileRef = 8E01D30728CA62A600C40D10 /* Assets.xcassets */; };
		8E01D30B28CA62A600C40D10 /* Preview Assets.xcassets in Resources */ = {isa = PBXBuildFile; fileRef = 8E01D30A28CA62A600C40D10 /* Preview Assets.xcassets */; };
		8E01D31028CA62A600C40D10 /* WatchLandmarks.app in Embed Watch Content */ = {isa = PBXBuildFile; fileRef = 8E01D2F028CA62A500C40D10 /* WatchLandmarks.app */; settings = {ATTRIBUTES = (RemoveHeadersOnCopy, ); }; };
		8E01D31928CA64CD00C40D10 /* LandmarksApp.swift in Sources */ = {isa = PBXBuildFile; fileRef = 8EC415AB28BED9C200659D68 /* LandmarksApp.swift */; };
		8E01D31B28CA659C00C40D10 /* LandmarkDetail.swift in Sources */ = {isa = PBXBuildFile; fileRef = 8E01D31A28CA659C00C40D10 /* LandmarkDetail.swift */; };
		8E01D31C28CA662300C40D10 /* ModelData.swift in Sources */ = {isa = PBXBuildFile; fileRef = 8E914BC128C177F500F543D7 /* ModelData.swift */; };
		8E01D31D28CA663700C40D10 /* hikeData.json in Resources */ = {isa = PBXBuildFile; fileRef = 8E4B8F2228C3D063004A2E65 /* hikeData.json */; };
		8E01D31E28CA663A00C40D10 /* landmarkData.json in Resources */ = {isa = PBXBuildFile; fileRef = 8E914BBD28C174F200F543D7 /* landmarkData.json */; };
		8E01D31F28CA663D00C40D10 /* Hike.swift in Sources */ = {isa = PBXBuildFile; fileRef = 8E4B8F2428C3D0AA004A2E65 /* Hike.swift */; };
		8E01D32028CA664300C40D10 /* Landmark.swift in Sources */ = {isa = PBXBuildFile; fileRef = 8E914BBF28C1752D00F543D7 /* Landmark.swift */; };
		8E01D32128CA664600C40D10 /* Profile.swift in Sources */ = {isa = PBXBuildFile; fileRef = 8E524DFC28C4D78B00DA7550 /* Profile.swift */; };
		8E01D32228CA666B00C40D10 /* LandmarkRow.swift in Sources */ = {isa = PBXBuildFile; fileRef = 8E4B8F0F28C3A64E004A2E65 /* LandmarkRow.swift */; };
		8E01D32428CA667600C40D10 /* MapView.swift in Sources */ = {isa = PBXBuildFile; fileRef = 8EC415BB28BEDBF400659D68 /* MapView.swift */; };
		8E01D32528CA667600C40D10 /* CircleImage.swift in Sources */ = {isa = PBXBuildFile; fileRef = 8EC415B928BEDB7700659D68 /* CircleImage.swift */; };
		8E01D32628CA668900C40D10 /* Assets.xcassets in Resources */ = {isa = PBXBuildFile; fileRef = 8EC415AF28BED9CA00659D68 /* Assets.xcassets */; };
		8E4B8F0828C39C0F004A2E65 /* FavoriteButton.swift in Sources */ = {isa = PBXBuildFile; fileRef = 8E4B8F0728C39C0F004A2E65 /* FavoriteButton.swift */; };
		8E4B8F1228C3A64E004A2E65 /* LandmarkRow.swift in Sources */ = {isa = PBXBuildFile; fileRef = 8E4B8F0F28C3A64E004A2E65 /* LandmarkRow.swift */; };
		8E4B8F1528C3A695004A2E65 /* LandmarkDetail.swift in Sources */ = {isa = PBXBuildFile; fileRef = 8E4B8F1328C3A695004A2E65 /* LandmarkDetail.swift */; };
		8E4B8F1628C3A695004A2E65 /* LandmarkList.swift in Sources */ = {isa = PBXBuildFile; fileRef = 8E4B8F1428C3A695004A2E65 /* LandmarkList.swift */; };
		8E4B8F1828C3C1F1004A2E65 /* HexagonParameters.swift in Sources */ = {isa = PBXBuildFile; fileRef = 8E4B8F1728C3C1F1004A2E65 /* HexagonParameters.swift */; };
		8E4B8F1A28C3C398004A2E65 /* BadgeBackground.swift in Sources */ = {isa = PBXBuildFile; fileRef = 8E4B8F1928C3C398004A2E65 /* BadgeBackground.swift */; };
		8E4B8F1C28C3C966004A2E65 /* BadgeSymbol.swift in Sources */ = {isa = PBXBuildFile; fileRef = 8E4B8F1B28C3C966004A2E65 /* BadgeSymbol.swift */; };
		8E4B8F1E28C3CA5C004A2E65 /* RotatedBadgeSymbol.swift in Sources */ = {isa = PBXBuildFile; fileRef = 8E4B8F1D28C3CA5C004A2E65 /* RotatedBadgeSymbol.swift */; };
		8E4B8F2028C3CB1A004A2E65 /* Badge.swift in Sources */ = {isa = PBXBuildFile; fileRef = 8E4B8F1F28C3CB1A004A2E65 /* Badge.swift */; };
		8E4B8F2328C3D063004A2E65 /* hikeData.json in Resources */ = {isa = PBXBuildFile; fileRef = 8E4B8F2228C3D063004A2E65 /* hikeData.json */; };
		8E4B8F2528C3D0AA004A2E65 /* Hike.swift in Sources */ = {isa = PBXBuildFile; fileRef = 8E4B8F2428C3D0AA004A2E65 /* Hike.swift */; };
		8E4B8F2B28C3D148004A2E65 /* GraphCapsule.swift in Sources */ = {isa = PBXBuildFile; fileRef = 8E4B8F2728C3D148004A2E65 /* GraphCapsule.swift */; };
		8E4B8F2C28C3D148004A2E65 /* HikeGraph.swift in Sources */ = {isa = PBXBuildFile; fileRef = 8E4B8F2828C3D148004A2E65 /* HikeGraph.swift */; };
		8E4B8F2D28C3D148004A2E65 /* HikeDetail.swift in Sources */ = {isa = PBXBuildFile; fileRef = 8E4B8F2928C3D148004A2E65 /* HikeDetail.swift */; };
		8E4B8F2E28C3D148004A2E65 /* HikeView.swift in Sources */ = {isa = PBXBuildFile; fileRef = 8E4B8F2A28C3D148004A2E65 /* HikeView.swift */; };
		8E524DF728C4CC2500DA7550 /* CategoryHome.swift in Sources */ = {isa = PBXBuildFile; fileRef = 8E524DF628C4CC2500DA7550 /* CategoryHome.swift */; };
		8E524DF928C4CF4E00DA7550 /* CategoryRow.swift in Sources */ = {isa = PBXBuildFile; fileRef = 8E524DF828C4CF4E00DA7550 /* CategoryRow.swift */; };
		8E524DFB28C4D0C000DA7550 /* CategoryItem.swift in Sources */ = {isa = PBXBuildFile; fileRef = 8E524DFA28C4D0C000DA7550 /* CategoryItem.swift */; };
		8E524DFD28C4D78B00DA7550 /* Profile.swift in Sources */ = {isa = PBXBuildFile; fileRef = 8E524DFC28C4D78B00DA7550 /* Profile.swift */; };
		8E524E0028C4D87000DA7550 /* ProfileHost.swift in Sources */ = {isa = PBXBuildFile; fileRef = 8E524DFF28C4D87000DA7550 /* ProfileHost.swift */; };
		8E524E0228C4D99500DA7550 /* ProfileSummary.swift in Sources */ = {isa = PBXBuildFile; fileRef = 8E524E0128C4D99500DA7550 /* ProfileSummary.swift */; };
		8E524E0428C4DAEE00DA7550 /* HikeBadge.swift in Sources */ = {isa = PBXBuildFile; fileRef = 8E524E0328C4DAEE00DA7550 /* HikeBadge.swift */; };
		8E524E0628C4E03300DA7550 /* ProfileEditor.swift in Sources */ = {isa = PBXBuildFile; fileRef = 8E524E0528C4E03300DA7550 /* ProfileEditor.swift */; };
		8E524E0928C5021000DA7550 /* PageViewController.swift in Sources */ = {isa = PBXBuildFile; fileRef = 8E524E0828C5021000DA7550 /* PageViewController.swift */; };
		8E524E0B28C503CE00DA7550 /* FeaturedCard.swift in Sources */ = {isa = PBXBuildFile; fileRef = 8E524E0A28C503CE00DA7550 /* FeaturedCard.swift */; };
		8E524E0D28C504A000DA7550 /* PageView.swift in Sources */ = {isa = PBXBuildFile; fileRef = 8E524E0C28C504A000DA7550 /* PageView.swift */; };
		8E524E0F28C50AE800DA7550 /* PageControl.swift in Sources */ = {isa = PBXBuildFile; fileRef = 8E524E0E28C50AE800DA7550 /* PageControl.swift */; };
		8E58B92028CDF68200A0D550 /* ContentView.swift in Sources */ = {isa = PBXBuildFile; fileRef = 8E58B91F28CDF68200A0D550 /* ContentView.swift */; };
		8E58B92228CDF68400A0D550 /* Assets.xcassets in Resources */ = {isa = PBXBuildFile; fileRef = 8E58B92128CDF68400A0D550 /* Assets.xcassets */; };
		8E58B92528CDF68400A0D550 /* Preview Assets.xcassets in Resources */ = {isa = PBXBuildFile; fileRef = 8E58B92428CDF68400A0D550 /* Preview Assets.xcassets */; };
		8E58B92A28CDF95200A0D550 /* LandmarksApp.swift in Sources */ = {isa = PBXBuildFile; fileRef = 8EC415AB28BED9C200659D68 /* LandmarksApp.swift */; };
		8E58B92B28CDF95200A0D550 /* Profile.swift in Sources */ = {isa = PBXBuildFile; fileRef = 8E524DFC28C4D78B00DA7550 /* Profile.swift */; };
		8E58B92C28CDF95200A0D550 /* LandmarkRow.swift in Sources */ = {isa = PBXBuildFile; fileRef = 8E4B8F0F28C3A64E004A2E65 /* LandmarkRow.swift */; };
		8E58B92D28CDF95200A0D550 /* Landmark.swift in Sources */ = {isa = PBXBuildFile; fileRef = 8E914BBF28C1752D00F543D7 /* Landmark.swift */; };
		8E58B92E28CDF95200A0D550 /* hikeData.json in Resources */ = {isa = PBXBuildFile; fileRef = 8E4B8F2228C3D063004A2E65 /* hikeData.json */; };
		8E58B92F28CDF95200A0D550 /* ModelData.swift in Sources */ = {isa = PBXBuildFile; fileRef = 8E914BC128C177F500F543D7 /* ModelData.swift */; };
		8E58B93028CDF95200A0D550 /* CircleImage.swift in Sources */ = {isa = PBXBuildFile; fileRef = 8EC415B928BEDB7700659D68 /* CircleImage.swift */; };
		8E58B93128CDF95200A0D550 /* Assets.xcassets in Resources */ = {isa = PBXBuildFile; fileRef = 8EC415AF28BED9CA00659D68 /* Assets.xcassets */; };
		8E58B93228CDF95200A0D550 /* LandmarkList.swift in Sources */ = {isa = PBXBuildFile; fileRef = 8E4B8F1428C3A695004A2E65 /* LandmarkList.swift */; };
		8E58B93328CDF95200A0D550 /* FavoriteButton.swift in Sources */ = {isa = PBXBuildFile; fileRef = 8E4B8F0728C39C0F004A2E65 /* FavoriteButton.swift */; };
		8E58B93428CDF95200A0D550 /* landmarkData.json in Resources */ = {isa = PBXBuildFile; fileRef = 8E914BBD28C174F200F543D7 /* landmarkData.json */; };
		8E58B93528CDF95200A0D550 /* Hike.swift in Sources */ = {isa = PBXBuildFile; fileRef = 8E4B8F2428C3D0AA004A2E65 /* Hike.swift */; };
		8E58B93628CDF95200A0D550 /* MapView.swift in Sources */ = {isa = PBXBuildFile; fileRef = 8EC415BB28BEDBF400659D68 /* MapView.swift */; };
		8E58B93828CDFBF800A0D550 /* LandmarkDetail.swift in Sources */ = {isa = PBXBuildFile; fileRef = 8E58B93728CDFBF800A0D550 /* LandmarkDetail.swift */; };
		8E58B93A28CE014600A0D550 /* LandmarkList.swift in Sources */ = {isa = PBXBuildFile; fileRef = 8E58B93928CE014600A0D550 /* LandmarkList.swift */; };
		8E58B93C28CE06CD00A0D550 /* LandmarkCommands.swift in Sources */ = {isa = PBXBuildFile; fileRef = 8E58B93B28CE06CD00A0D550 /* LandmarkCommands.swift */; };
		8E58B93D28CE06CD00A0D550 /* LandmarkCommands.swift in Sources */ = {isa = PBXBuildFile; fileRef = 8E58B93B28CE06CD00A0D550 /* LandmarkCommands.swift */; };
		8E58B93F28CE0E7C00A0D550 /* LandmarkSettings.swift in Sources */ = {isa = PBXBuildFile; fileRef = 8E58B93E28CE0E7C00A0D550 /* LandmarkSettings.swift */; };
		8E914BBE28C174F200F543D7 /* landmarkData.json in Resources */ = {isa = PBXBuildFile; fileRef = 8E914BBD28C174F200F543D7 /* landmarkData.json */; };
		8E914BC028C1752D00F543D7 /* Landmark.swift in Sources */ = {isa = PBXBuildFile; fileRef = 8E914BBF28C1752D00F543D7 /* Landmark.swift */; };
		8E914BC228C177F500F543D7 /* ModelData.swift in Sources */ = {isa = PBXBuildFile; fileRef = 8E914BC128C177F500F543D7 /* ModelData.swift */; };
		8EC415AC28BED9C200659D68 /* LandmarksApp.swift in Sources */ = {isa = PBXBuildFile; fileRef = 8EC415AB28BED9C200659D68 /* LandmarksApp.swift */; };
		8EC415AE28BED9C200659D68 /* ContentView.swift in Sources */ = {isa = PBXBuildFile; fileRef = 8EC415AD28BED9C200659D68 /* ContentView.swift */; };
		8EC415B028BED9CA00659D68 /* Assets.xcassets in Resources */ = {isa = PBXBuildFile; fileRef = 8EC415AF28BED9CA00659D68 /* Assets.xcassets */; };
		8EC415B328BED9CA00659D68 /* Preview Assets.xcassets in Resources */ = {isa = PBXBuildFile; fileRef = 8EC415B228BED9CA00659D68 /* Preview Assets.xcassets */; };
		8EC415BA28BEDB7700659D68 /* CircleImage.swift in Sources */ = {isa = PBXBuildFile; fileRef = 8EC415B928BEDB7700659D68 /* CircleImage.swift */; };
		8EC415BC28BEDBF400659D68 /* MapView.swift in Sources */ = {isa = PBXBuildFile; fileRef = 8EC415BB28BEDBF400659D68 /* MapView.swift */; };
/* End PBXBuildFile section */

/* Begin PBXContainerItemProxy section */
		8E01D2FA28CA62A600C40D10 /* PBXContainerItemProxy */ = {
			isa = PBXContainerItemProxy;
			containerPortal = 8EC415A028BED9C200659D68 /* Project object */;
			proxyType = 1;
			remoteGlobalIDString = 8E01D2F728CA62A600C40D10;
			remoteInfo = "WatchLandmarks WatchKit Extension";
		};
		8E01D30E28CA62A600C40D10 /* PBXContainerItemProxy */ = {
			isa = PBXContainerItemProxy;
			containerPortal = 8EC415A028BED9C200659D68 /* Project object */;
			proxyType = 1;
			remoteGlobalIDString = 8E01D2EF28CA62A500C40D10;
			remoteInfo = WatchLandmarks;
		};
/* End PBXContainerItemProxy section */

/* Begin PBXCopyFilesBuildPhase section */
		8E01D31128CA62A600C40D10 /* Embed Watch Content */ = {
			isa = PBXCopyFilesBuildPhase;
			buildActionMask = 2147483647;
			dstPath = "$(CONTENTS_FOLDER_PATH)/Watch";
			dstSubfolderSpec = 16;
			files = (
				8E01D31028CA62A600C40D10 /* WatchLandmarks.app in Embed Watch Content */,
			);
			name = "Embed Watch Content";
			runOnlyForDeploymentPostprocessing = 0;
		};
		8E01D31428CA62A600C40D10 /* Embed App Extensions */ = {
			isa = PBXCopyFilesBuildPhase;
			buildActionMask = 2147483647;
			dstPath = "";
			dstSubfolderSpec = 13;
			files = (
				8E01D2F928CA62A600C40D10 /* WatchLandmarks WatchKit Extension.appex in Embed App Extensions */,
			);
			name = "Embed App Extensions";
			runOnlyForDeploymentPostprocessing = 0;
		};
/* End PBXCopyFilesBuildPhase section */

/* Begin PBXFileReference section */
		8E01D2F028CA62A500C40D10 /* WatchLandmarks.app */ = {isa = PBXFileReference; explicitFileType = wrapper.application; includeInIndex = 0; path = WatchLandmarks.app; sourceTree = BUILT_PRODUCTS_DIR; };
		8E01D2F228CA62A600C40D10 /* Assets.xcassets */ = {isa = PBXFileReference; lastKnownFileType = folder.assetcatalog; path = Assets.xcassets; sourceTree = "<group>"; };
		8E01D2F828CA62A600C40D10 /* WatchLandmarks WatchKit Extension.appex */ = {isa = PBXFileReference; explicitFileType = "wrapper.app-extension"; includeInIndex = 0; path = "WatchLandmarks WatchKit Extension.appex"; sourceTree = BUILT_PRODUCTS_DIR; };
		8E01D2FF28CA62A600C40D10 /* ContentView.swift */ = {isa = PBXFileReference; lastKnownFileType = sourcecode.swift; path = ContentView.swift; sourceTree = "<group>"; };
		8E01D30128CA62A600C40D10 /* NotificationController.swift */ = {isa = PBXFileReference; lastKnownFileType = sourcecode.swift; path = NotificationController.swift; sourceTree = "<group>"; };
		8E01D30328CA62A600C40D10 /* NotificationView.swift */ = {isa = PBXFileReference; lastKnownFileType = sourcecode.swift; path = NotificationView.swift; sourceTree = "<group>"; };
		8E01D30528CA62A600C40D10 /* ComplicationController.swift */ = {isa = PBXFileReference; lastKnownFileType = sourcecode.swift; path = ComplicationController.swift; sourceTree = "<group>"; };
		8E01D30728CA62A600C40D10 /* Assets.xcassets */ = {isa = PBXFileReference; lastKnownFileType = folder.assetcatalog; path = Assets.xcassets; sourceTree = "<group>"; };
		8E01D30A28CA62A600C40D10 /* Preview Assets.xcassets */ = {isa = PBXFileReference; lastKnownFileType = folder.assetcatalog; path = "Preview Assets.xcassets"; sourceTree = "<group>"; };
		8E01D30C28CA62A600C40D10 /* Info.plist */ = {isa = PBXFileReference; lastKnownFileType = text.plist.xml; path = Info.plist; sourceTree = "<group>"; };
		8E01D30D28CA62A600C40D10 /* PushNotificationPayload.apns */ = {isa = PBXFileReference; lastKnownFileType = text; path = PushNotificationPayload.apns; sourceTree = "<group>"; };
		8E01D31A28CA659C00C40D10 /* LandmarkDetail.swift */ = {isa = PBXFileReference; lastKnownFileType = sourcecode.swift; name = LandmarkDetail.swift; path = WatchLandmarks/LandmarkDetail.swift; sourceTree = SOURCE_ROOT; };
		8E4B8F0728C39C0F004A2E65 /* FavoriteButton.swift */ = {isa = PBXFileReference; lastKnownFileType = sourcecode.swift; path = FavoriteButton.swift; sourceTree = "<group>"; };
		8E4B8F0F28C3A64E004A2E65 /* LandmarkRow.swift */ = {isa = PBXFileReference; fileEncoding = 4; lastKnownFileType = sourcecode.swift; path = LandmarkRow.swift; sourceTree = "<group>"; };
		8E4B8F1328C3A695004A2E65 /* LandmarkDetail.swift */ = {isa = PBXFileReference; fileEncoding = 4; lastKnownFileType = sourcecode.swift; path = LandmarkDetail.swift; sourceTree = "<group>"; };
		8E4B8F1428C3A695004A2E65 /* LandmarkList.swift */ = {isa = PBXFileReference; fileEncoding = 4; lastKnownFileType = sourcecode.swift; path = LandmarkList.swift; sourceTree = "<group>"; };
		8E4B8F1728C3C1F1004A2E65 /* HexagonParameters.swift */ = {isa = PBXFileReference; lastKnownFileType = sourcecode.swift; name = HexagonParameters.swift; path = Landmarks/Views/Badges/HexagonParameters.swift; sourceTree = SOURCE_ROOT; };
		8E4B8F1928C3C398004A2E65 /* BadgeBackground.swift */ = {isa = PBXFileReference; lastKnownFileType = sourcecode.swift; path = BadgeBackground.swift; sourceTree = "<group>"; };
		8E4B8F1B28C3C966004A2E65 /* BadgeSymbol.swift */ = {isa = PBXFileReference; lastKnownFileType = sourcecode.swift; name = BadgeSymbol.swift; path = Landmarks/Views/Badges/BadgeSymbol.swift; sourceTree = SOURCE_ROOT; };
		8E4B8F1D28C3CA5C004A2E65 /* RotatedBadgeSymbol.swift */ = {isa = PBXFileReference; lastKnownFileType = sourcecode.swift; path = RotatedBadgeSymbol.swift; sourceTree = "<group>"; };
		8E4B8F1F28C3CB1A004A2E65 /* Badge.swift */ = {isa = PBXFileReference; lastKnownFileType = sourcecode.swift; path = Badge.swift; sourceTree = "<group>"; };
		8E4B8F2228C3D063004A2E65 /* hikeData.json */ = {isa = PBXFileReference; fileEncoding = 4; lastKnownFileType = text.json; path = hikeData.json; sourceTree = "<group>"; };
		8E4B8F2428C3D0AA004A2E65 /* Hike.swift */ = {isa = PBXFileReference; lastKnownFileType = sourcecode.swift; path = Hike.swift; sourceTree = SOURCE_ROOT; };
		8E4B8F2728C3D148004A2E65 /* GraphCapsule.swift */ = {isa = PBXFileReference; fileEncoding = 4; lastKnownFileType = sourcecode.swift; path = GraphCapsule.swift; sourceTree = "<group>"; };
		8E4B8F2828C3D148004A2E65 /* HikeGraph.swift */ = {isa = PBXFileReference; fileEncoding = 4; lastKnownFileType = sourcecode.swift; path = HikeGraph.swift; sourceTree = "<group>"; };
		8E4B8F2928C3D148004A2E65 /* HikeDetail.swift */ = {isa = PBXFileReference; fileEncoding = 4; lastKnownFileType = sourcecode.swift; path = HikeDetail.swift; sourceTree = "<group>"; };
		8E4B8F2A28C3D148004A2E65 /* HikeView.swift */ = {isa = PBXFileReference; fileEncoding = 4; lastKnownFileType = sourcecode.swift; path = HikeView.swift; sourceTree = "<group>"; };
		8E524DF628C4CC2500DA7550 /* CategoryHome.swift */ = {isa = PBXFileReference; lastKnownFileType = sourcecode.swift; path = CategoryHome.swift; sourceTree = "<group>"; };
		8E524DF828C4CF4E00DA7550 /* CategoryRow.swift */ = {isa = PBXFileReference; lastKnownFileType = sourcecode.swift; path = CategoryRow.swift; sourceTree = "<group>"; };
		8E524DFA28C4D0C000DA7550 /* CategoryItem.swift */ = {isa = PBXFileReference; lastKnownFileType = sourcecode.swift; path = CategoryItem.swift; sourceTree = "<group>"; };
		8E524DFC28C4D78B00DA7550 /* Profile.swift */ = {isa = PBXFileReference; lastKnownFileType = sourcecode.swift; path = Profile.swift; sourceTree = "<group>"; };
		8E524DFF28C4D87000DA7550 /* ProfileHost.swift */ = {isa = PBXFileReference; lastKnownFileType = sourcecode.swift; path = ProfileHost.swift; sourceTree = "<group>"; };
		8E524E0128C4D99500DA7550 /* ProfileSummary.swift */ = {isa = PBXFileReference; lastKnownFileType = sourcecode.swift; path = ProfileSummary.swift; sourceTree = "<group>"; };
		8E524E0328C4DAEE00DA7550 /* HikeBadge.swift */ = {isa = PBXFileReference; lastKnownFileType = sourcecode.swift; path = HikeBadge.swift; sourceTree = "<group>"; };
		8E524E0528C4E03300DA7550 /* ProfileEditor.swift */ = {isa = PBXFileReference; lastKnownFileType = sourcecode.swift; path = ProfileEditor.swift; sourceTree = "<group>"; };
		8E524E0828C5021000DA7550 /* PageViewController.swift */ = {isa = PBXFileReference; lastKnownFileType = sourcecode.swift; path = PageViewController.swift; sourceTree = "<group>"; };
		8E524E0A28C503CE00DA7550 /* FeaturedCard.swift */ = {isa = PBXFileReference; lastKnownFileType = sourcecode.swift; path = FeaturedCard.swift; sourceTree = "<group>"; };
		8E524E0C28C504A000DA7550 /* PageView.swift */ = {isa = PBXFileReference; lastKnownFileType = sourcecode.swift; path = PageView.swift; sourceTree = "<group>"; };
		8E524E0E28C50AE800DA7550 /* PageControl.swift */ = {isa = PBXFileReference; lastKnownFileType = sourcecode.swift; path = PageControl.swift; sourceTree = "<group>"; };
		8E58B91B28CDF68200A0D550 /* MacLandmarks.app */ = {isa = PBXFileReference; explicitFileType = wrapper.application; includeInIndex = 0; path = MacLandmarks.app; sourceTree = BUILT_PRODUCTS_DIR; };
		8E58B91F28CDF68200A0D550 /* ContentView.swift */ = {isa = PBXFileReference; lastKnownFileType = sourcecode.swift; path = ContentView.swift; sourceTree = "<group>"; };
		8E58B92128CDF68400A0D550 /* Assets.xcassets */ = {isa = PBXFileReference; lastKnownFileType = folder.assetcatalog; path = Assets.xcassets; sourceTree = "<group>"; };
		8E58B92428CDF68400A0D550 /* Preview Assets.xcassets */ = {isa = PBXFileReference; lastKnownFileType = folder.assetcatalog; path = "Preview Assets.xcassets"; sourceTree = "<group>"; };
		8E58B92628CDF68400A0D550 /* MacLandmarks.entitlements */ = {isa = PBXFileReference; lastKnownFileType = text.plist.entitlements; path = MacLandmarks.entitlements; sourceTree = "<group>"; };
		8E58B93728CDFBF800A0D550 /* LandmarkDetail.swift */ = {isa = PBXFileReference; lastKnownFileType = sourcecode.swift; path = LandmarkDetail.swift; sourceTree = "<group>"; };
		8E58B93928CE014600A0D550 /* LandmarkList.swift */ = {isa = PBXFileReference; lastKnownFileType = sourcecode.swift; path = LandmarkList.swift; sourceTree = "<group>"; };
		8E58B93B28CE06CD00A0D550 /* LandmarkCommands.swift */ = {isa = PBXFileReference; lastKnownFileType = sourcecode.swift; path = LandmarkCommands.swift; sourceTree = "<group>"; };
		8E58B93E28CE0E7C00A0D550 /* LandmarkSettings.swift */ = {isa = PBXFileReference; lastKnownFileType = sourcecode.swift; path = LandmarkSettings.swift; sourceTree = "<group>"; };
		8E914BBD28C174F200F543D7 /* landmarkData.json */ = {isa = PBXFileReference; fileEncoding = 4; lastKnownFileType = text.json; path = landmarkData.json; sourceTree = "<group>"; };
		8E914BBF28C1752D00F543D7 /* Landmark.swift */ = {isa = PBXFileReference; lastKnownFileType = sourcecode.swift; path = Landmark.swift; sourceTree = "<group>"; };
		8E914BC128C177F500F543D7 /* ModelData.swift */ = {isa = PBXFileReference; lastKnownFileType = sourcecode.swift; path = ModelData.swift; sourceTree = "<group>"; };
		8EC415A828BED9C200659D68 /* Landmarks.app */ = {isa = PBXFileReference; explicitFileType = wrapper.application; includeInIndex = 0; path = Landmarks.app; sourceTree = BUILT_PRODUCTS_DIR; };
		8EC415AB28BED9C200659D68 /* LandmarksApp.swift */ = {isa = PBXFileReference; lastKnownFileType = sourcecode.swift; path = LandmarksApp.swift; sourceTree = "<group>"; };
		8EC415AD28BED9C200659D68 /* ContentView.swift */ = {isa = PBXFileReference; lastKnownFileType = sourcecode.swift; path = ContentView.swift; sourceTree = "<group>"; };
		8EC415AF28BED9CA00659D68 /* Assets.xcassets */ = {isa = PBXFileReference; lastKnownFileType = folder.assetcatalog; path = Assets.xcassets; sourceTree = "<group>"; };
		8EC415B228BED9CA00659D68 /* Preview Assets.xcassets */ = {isa = PBXFileReference; lastKnownFileType = folder.assetcatalog; path = "Preview Assets.xcassets"; sourceTree = "<group>"; };
		8EC415B928BEDB7700659D68 /* CircleImage.swift */ = {isa = PBXFileReference; lastKnownFileType = sourcecode.swift; path = CircleImage.swift; sourceTree = "<group>"; };
		8EC415BB28BEDBF400659D68 /* MapView.swift */ = {isa = PBXFileReference; lastKnownFileType = sourcecode.swift; path = MapView.swift; sourceTree = "<group>"; };
/* End PBXFileReference section */

/* Begin PBXFrameworksBuildPhase section */
		8E01D2F528CA62A600C40D10 /* Frameworks */ = {
			isa = PBXFrameworksBuildPhase;
			buildActionMask = 2147483647;
			files = (
			);
			runOnlyForDeploymentPostprocessing = 0;
		};
		8E58B91828CDF68200A0D550 /* Frameworks */ = {
			isa = PBXFrameworksBuildPhase;
			buildActionMask = 2147483647;
			files = (
			);
			runOnlyForDeploymentPostprocessing = 0;
		};
		8EC415A528BED9C200659D68 /* Frameworks */ = {
			isa = PBXFrameworksBuildPhase;
			buildActionMask = 2147483647;
			files = (
			);
			runOnlyForDeploymentPostprocessing = 0;
		};
/* End PBXFrameworksBuildPhase section */

/* Begin PBXGroup section */
		8E01D2F128CA62A500C40D10 /* WatchLandmarks */ = {
			isa = PBXGroup;
			children = (
				8E01D2F228CA62A600C40D10 /* Assets.xcassets */,
			);
			path = WatchLandmarks;
			sourceTree = "<group>";
		};
		8E01D2FC28CA62A600C40D10 /* WatchLandmarks WatchKit Extension */ = {
			isa = PBXGroup;
			children = (
				8E01D31A28CA659C00C40D10 /* LandmarkDetail.swift */,
				8E01D2FF28CA62A600C40D10 /* ContentView.swift */,
				8E01D30128CA62A600C40D10 /* NotificationController.swift */,
				8E01D30328CA62A600C40D10 /* NotificationView.swift */,
				8E01D30528CA62A600C40D10 /* ComplicationController.swift */,
				8E01D30728CA62A600C40D10 /* Assets.xcassets */,
				8E01D30C28CA62A600C40D10 /* Info.plist */,
				8E01D30D28CA62A600C40D10 /* PushNotificationPayload.apns */,
				8E01D30928CA62A600C40D10 /* Preview Content */,
				8E58B93928CE014600A0D550 /* LandmarkList.swift */,
			);
			path = "WatchLandmarks WatchKit Extension";
			sourceTree = "<group>";
		};
		8E01D30928CA62A600C40D10 /* Preview Content */ = {
			isa = PBXGroup;
			children = (
				8E01D30A28CA62A600C40D10 /* Preview Assets.xcassets */,
			);
			path = "Preview Content";
			sourceTree = "<group>";
		};
		8E4B8F0A28C39D29004A2E65 /* Helpers */ = {
			isa = PBXGroup;
			children = (
				8E4B8F0728C39C0F004A2E65 /* FavoriteButton.swift */,
				8EC415BB28BEDBF400659D68 /* MapView.swift */,
				8EC415B928BEDB7700659D68 /* CircleImage.swift */,
			);
			path = Helpers;
			sourceTree = "<group>";
		};
		8E4B8F0C28C3A64E004A2E65 /* Landmarks */ = {
			isa = PBXGroup;
			children = (
				8E4B8F1328C3A695004A2E65 /* LandmarkDetail.swift */,
				8E4B8F1428C3A695004A2E65 /* LandmarkList.swift */,
				8E4B8F0F28C3A64E004A2E65 /* LandmarkRow.swift */,
			);
			path = Landmarks;
			sourceTree = "<group>";
		};
		8E4B8F2128C3CC6E004A2E65 /* Badges */ = {
			isa = PBXGroup;
			children = (
				8E4B8F1D28C3CA5C004A2E65 /* RotatedBadgeSymbol.swift */,
				8E4B8F1B28C3C966004A2E65 /* BadgeSymbol.swift */,
				8E4B8F1928C3C398004A2E65 /* BadgeBackground.swift */,
				8E4B8F1728C3C1F1004A2E65 /* HexagonParameters.swift */,
				8E4B8F1F28C3CB1A004A2E65 /* Badge.swift */,
			);
			path = Badges;
			sourceTree = "<group>";
		};
		8E4B8F2628C3D148004A2E65 /* Hikes */ = {
			isa = PBXGroup;
			children = (
				8E4B8F2728C3D148004A2E65 /* GraphCapsule.swift */,
				8E4B8F2828C3D148004A2E65 /* HikeGraph.swift */,
				8E4B8F2928C3D148004A2E65 /* HikeDetail.swift */,
				8E4B8F2A28C3D148004A2E65 /* HikeView.swift */,
				8E524E0328C4DAEE00DA7550 /* HikeBadge.swift */,
			);
			path = Hikes;
			sourceTree = "<group>";
		};
		8E524DF528C4CC0400DA7550 /* Categories */ = {
			isa = PBXGroup;
			children = (
				8E524DF628C4CC2500DA7550 /* CategoryHome.swift */,
				8E524DF828C4CF4E00DA7550 /* CategoryRow.swift */,
				8E524DFA28C4D0C000DA7550 /* CategoryItem.swift */,
			);
			path = Categories;
			sourceTree = "<group>";
		};
		8E524DFE28C4D86000DA7550 /* Profiles */ = {
			isa = PBXGroup;
			children = (
				8E524DFF28C4D87000DA7550 /* ProfileHost.swift */,
				8E524E0128C4D99500DA7550 /* ProfileSummary.swift */,
				8E524E0528C4E03300DA7550 /* ProfileEditor.swift */,
			);
			path = Profiles;
			sourceTree = "<group>";
		};
		8E524E0728C501F500DA7550 /* PageView */ = {
			isa = PBXGroup;
			children = (
				8E524E0828C5021000DA7550 /* PageViewController.swift */,
				8E524E0A28C503CE00DA7550 /* FeaturedCard.swift */,
				8E524E0C28C504A000DA7550 /* PageView.swift */,
				8E524E0E28C50AE800DA7550 /* PageControl.swift */,
			);
			path = PageView;
			sourceTree = "<group>";
		};
		8E58B91C28CDF68200A0D550 /* MacLandmarks */ = {
			isa = PBXGroup;
			children = (
				8E58B91F28CDF68200A0D550 /* ContentView.swift */,
				8E58B92128CDF68400A0D550 /* Assets.xcassets */,
				8E58B92628CDF68400A0D550 /* MacLandmarks.entitlements */,
				8E58B92328CDF68400A0D550 /* Preview Content */,
				8E58B93728CDFBF800A0D550 /* LandmarkDetail.swift */,
				8E58B93B28CE06CD00A0D550 /* LandmarkCommands.swift */,
			);
			path = MacLandmarks;
			sourceTree = "<group>";
		};
		8E58B92328CDF68400A0D550 /* Preview Content */ = {
			isa = PBXGroup;
			children = (
				8E58B92428CDF68400A0D550 /* Preview Assets.xcassets */,
			);
			path = "Preview Content";
			sourceTree = "<group>";
		};
		8E914BC328C17A7500F543D7 /* Views */ = {
			isa = PBXGroup;
			children = (
				8E524E0728C501F500DA7550 /* PageView */,
				8E524DFE28C4D86000DA7550 /* Profiles */,
				8E524DF528C4CC0400DA7550 /* Categories */,
				8E4B8F2628C3D148004A2E65 /* Hikes */,
				8E4B8F2128C3CC6E004A2E65 /* Badges */,
				8E4B8F0C28C3A64E004A2E65 /* Landmarks */,
				8E4B8F0A28C39D29004A2E65 /* Helpers */,
				8EC415AD28BED9C200659D68 /* ContentView.swift */,
			);
			path = Views;
			sourceTree = "<group>";
		};
		8E914BC428C17A8A00F543D7 /* Model */ = {
			isa = PBXGroup;
			children = (
				8E4B8F2428C3D0AA004A2E65 /* Hike.swift */,
				8E914BBF28C1752D00F543D7 /* Landmark.swift */,
				8E914BC128C177F500F543D7 /* ModelData.swift */,
				8E524DFC28C4D78B00DA7550 /* Profile.swift */,
			);
			path = Model;
			sourceTree = "<group>";
		};
		8E914BC528C17AAF00F543D7 /* Resources */ = {
			isa = PBXGroup;
			children = (
				8E4B8F2228C3D063004A2E65 /* hikeData.json */,
				8E914BBD28C174F200F543D7 /* landmarkData.json */,
			);
			path = Resources;
			sourceTree = "<group>";
		};
		8EC4159F28BED9C200659D68 = {
			isa = PBXGroup;
			children = (
				8E58B93E28CE0E7C00A0D550 /* LandmarkSettings.swift */,
				8EC415AA28BED9C200659D68 /* Landmarks */,
				8E01D2F128CA62A500C40D10 /* WatchLandmarks */,
				8E01D2FC28CA62A600C40D10 /* WatchLandmarks WatchKit Extension */,
				8E58B91C28CDF68200A0D550 /* MacLandmarks */,
				8EC415A928BED9C200659D68 /* Products */,
			);
			sourceTree = "<group>";
		};
		8EC415A928BED9C200659D68 /* Products */ = {
			isa = PBXGroup;
			children = (
				8EC415A828BED9C200659D68 /* Landmarks.app */,
				8E01D2F028CA62A500C40D10 /* WatchLandmarks.app */,
				8E01D2F828CA62A600C40D10 /* WatchLandmarks WatchKit Extension.appex */,
				8E58B91B28CDF68200A0D550 /* MacLandmarks.app */,
			);
			name = Products;
			sourceTree = "<group>";
		};
		8EC415AA28BED9C200659D68 /* Landmarks */ = {
			isa = PBXGroup;
			children = (
				8E914BC528C17AAF00F543D7 /* Resources */,
				8E914BC428C17A8A00F543D7 /* Model */,
				8E914BC328C17A7500F543D7 /* Views */,
				8EC415AB28BED9C200659D68 /* LandmarksApp.swift */,
				8EC415AF28BED9CA00659D68 /* Assets.xcassets */,
				8EC415B128BED9CA00659D68 /* Preview Content */,
			);
			path = Landmarks;
			sourceTree = "<group>";
		};
		8EC415B128BED9CA00659D68 /* Preview Content */ = {
			isa = PBXGroup;
			children = (
				8EC415B228BED9CA00659D68 /* Preview Assets.xcassets */,
			);
			path = "Preview Content";
			sourceTree = "<group>";
		};
/* End PBXGroup section */

/* Begin PBXNativeTarget section */
		8E01D2EF28CA62A500C40D10 /* WatchLandmarks */ = {
			isa = PBXNativeTarget;
			buildConfigurationList = 8E01D31828CA62A600C40D10 /* Build configuration list for PBXNativeTarget "WatchLandmarks" */;
			buildPhases = (
				8E01D2EE28CA62A500C40D10 /* Resources */,
				8E01D31428CA62A600C40D10 /* Embed App Extensions */,
			);
			buildRules = (
			);
			dependencies = (
				8E01D2FB28CA62A600C40D10 /* PBXTargetDependency */,
			);
			name = WatchLandmarks;
			productName = WatchLandmarks;
			productReference = 8E01D2F028CA62A500C40D10 /* WatchLandmarks.app */;
			productType = "com.apple.product-type.application.watchapp2";
		};
		8E01D2F728CA62A600C40D10 /* WatchLandmarks WatchKit Extension */ = {
			isa = PBXNativeTarget;
			buildConfigurationList = 8E01D31728CA62A600C40D10 /* Build configuration list for PBXNativeTarget "WatchLandmarks WatchKit Extension" */;
			buildPhases = (
				8E01D2F428CA62A600C40D10 /* Sources */,
				8E01D2F528CA62A600C40D10 /* Frameworks */,
				8E01D2F628CA62A600C40D10 /* Resources */,
			);
			buildRules = (
			);
			dependencies = (
			);
			name = "WatchLandmarks WatchKit Extension";
			productName = "WatchLandmarks WatchKit Extension";
			productReference = 8E01D2F828CA62A600C40D10 /* WatchLandmarks WatchKit Extension.appex */;
			productType = "com.apple.product-type.watchkit2-extension";
		};
		8E58B91A28CDF68200A0D550 /* MacLandmarks */ = {
			isa = PBXNativeTarget;
			buildConfigurationList = 8E58B92928CDF68400A0D550 /* Build configuration list for PBXNativeTarget "MacLandmarks" */;
			buildPhases = (
				8E58B91728CDF68200A0D550 /* Sources */,
				8E58B91828CDF68200A0D550 /* Frameworks */,
				8E58B91928CDF68200A0D550 /* Resources */,
			);
			buildRules = (
			);
			dependencies = (
			);
			name = MacLandmarks;
			productName = MacLandmarks;
			productReference = 8E58B91B28CDF68200A0D550 /* MacLandmarks.app */;
			productType = "com.apple.product-type.application";
		};
		8EC415A728BED9C200659D68 /* Landmarks */ = {
			isa = PBXNativeTarget;
			buildConfigurationList = 8EC415B628BED9CA00659D68 /* Build configuration list for PBXNativeTarget "Landmarks" */;
			buildPhases = (
				8EC415A428BED9C200659D68 /* Sources */,
				8EC415A528BED9C200659D68 /* Frameworks */,
				8EC415A628BED9C200659D68 /* Resources */,
				8E01D31128CA62A600C40D10 /* Embed Watch Content */,
			);
			buildRules = (
			);
			dependencies = (
				8E01D30F28CA62A600C40D10 /* PBXTargetDependency */,
			);
			name = Landmarks;
			productName = Landmarks;
			productReference = 8EC415A828BED9C200659D68 /* Landmarks.app */;
			productType = "com.apple.product-type.application";
		};
/* End PBXNativeTarget section */

/* Begin PBXProject section */
		8EC415A028BED9C200659D68 /* Project object */ = {
			isa = PBXProject;
			attributes = {
				BuildIndependentTargetsInParallel = 1;
				LastSwiftUpdateCheck = 1340;
				LastUpgradeCheck = 1340;
				TargetAttributes = {
					8E01D2EF28CA62A500C40D10 = {
						CreatedOnToolsVersion = 13.4.1;
					};
					8E01D2F728CA62A600C40D10 = {
						CreatedOnToolsVersion = 13.4.1;
					};
					8E58B91A28CDF68200A0D550 = {
						CreatedOnToolsVersion = 13.4.1;
					};
					8EC415A728BED9C200659D68 = {
						CreatedOnToolsVersion = 13.4.1;
					};
				};
			};
			buildConfigurationList = 8EC415A328BED9C200659D68 /* Build configuration list for PBXProject "Landmarks" */;
			compatibilityVersion = "Xcode 13.0";
			developmentRegion = en;
			hasScannedForEncodings = 0;
			knownRegions = (
				en,
				Base,
			);
			mainGroup = 8EC4159F28BED9C200659D68;
			productRefGroup = 8EC415A928BED9C200659D68 /* Products */;
			projectDirPath = "";
			projectRoot = "";
			targets = (
				8EC415A728BED9C200659D68 /* Landmarks */,
				8E01D2EF28CA62A500C40D10 /* WatchLandmarks */,
				8E01D2F728CA62A600C40D10 /* WatchLandmarks WatchKit Extension */,
				8E58B91A28CDF68200A0D550 /* MacLandmarks */,
			);
		};
/* End PBXProject section */

/* Begin PBXResourcesBuildPhase section */
		8E01D2EE28CA62A500C40D10 /* Resources */ = {
			isa = PBXResourcesBuildPhase;
			buildActionMask = 2147483647;
			files = (
				8E01D2F328CA62A600C40D10 /* Assets.xcassets in Resources */,
			);
			runOnlyForDeploymentPostprocessing = 0;
		};
		8E01D2F628CA62A600C40D10 /* Resources */ = {
			isa = PBXResourcesBuildPhase;
			buildActionMask = 2147483647;
			files = (
				8E01D30B28CA62A600C40D10 /* Preview Assets.xcassets in Resources */,
				8E01D31E28CA663A00C40D10 /* landmarkData.json in Resources */,
				8E01D31D28CA663700C40D10 /* hikeData.json in Resources */,
				8E01D30828CA62A600C40D10 /* Assets.xcassets in Resources */,
				8E01D32628CA668900C40D10 /* Assets.xcassets in Resources */,
			);
			runOnlyForDeploymentPostprocessing = 0;
		};
		8E58B91928CDF68200A0D550 /* Resources */ = {
			isa = PBXResourcesBuildPhase;
			buildActionMask = 2147483647;
			files = (
				8E58B92528CDF68400A0D550 /* Preview Assets.xcassets in Resources */,
				8E58B92E28CDF95200A0D550 /* hikeData.json in Resources */,
				8E58B93128CDF95200A0D550 /* Assets.xcassets in Resources */,
				8E58B93428CDF95200A0D550 /* landmarkData.json in Resources */,
				8E58B92228CDF68400A0D550 /* Assets.xcassets in Resources */,
			);
			runOnlyForDeploymentPostprocessing = 0;
		};
		8EC415A628BED9C200659D68 /* Resources */ = {
			isa = PBXResourcesBuildPhase;
			buildActionMask = 2147483647;
			files = (
				8E4B8F2328C3D063004A2E65 /* hikeData.json in Resources */,
				8EC415B328BED9CA00659D68 /* Preview Assets.xcassets in Resources */,
				8EC415B028BED9CA00659D68 /* Assets.xcassets in Resources */,
				8E914BBE28C174F200F543D7 /* landmarkData.json in Resources */,
			);
			runOnlyForDeploymentPostprocessing = 0;
		};
/* End PBXResourcesBuildPhase section */

/* Begin PBXSourcesBuildPhase section */
		8E01D2F428CA62A600C40D10 /* Sources */ = {
			isa = PBXSourcesBuildPhase;
			buildActionMask = 2147483647;
			files = (
				8E01D30228CA62A600C40D10 /* NotificationController.swift in Sources */,
				8E01D32128CA664600C40D10 /* Profile.swift in Sources */,
				8E01D30028CA62A600C40D10 /* ContentView.swift in Sources */,
				8E01D32528CA667600C40D10 /* CircleImage.swift in Sources */,
				8E58B93A28CE014600A0D550 /* LandmarkList.swift in Sources */,
				8E01D30628CA62A600C40D10 /* ComplicationController.swift in Sources */,
				8E01D32428CA667600C40D10 /* MapView.swift in Sources */,
				8E01D31928CA64CD00C40D10 /* LandmarksApp.swift in Sources */,
				8E01D31B28CA659C00C40D10 /* LandmarkDetail.swift in Sources */,
				8E01D32028CA664300C40D10 /* Landmark.swift in Sources */,
				8E01D30428CA62A600C40D10 /* NotificationView.swift in Sources */,
				8E01D32228CA666B00C40D10 /* LandmarkRow.swift in Sources */,
				8E01D31F28CA663D00C40D10 /* Hike.swift in Sources */,
				8E01D31C28CA662300C40D10 /* ModelData.swift in Sources */,
			);
			runOnlyForDeploymentPostprocessing = 0;
		};
		8E58B91728CDF68200A0D550 /* Sources */ = {
			isa = PBXSourcesBuildPhase;
			buildActionMask = 2147483647;
			files = (
				8E58B93528CDF95200A0D550 /* Hike.swift in Sources */,
				8E58B92028CDF68200A0D550 /* ContentView.swift in Sources */,
				8E58B93F28CE0E7C00A0D550 /* LandmarkSettings.swift in Sources */,
				8E58B92B28CDF95200A0D550 /* Profile.swift in Sources */,
				8E58B93628CDF95200A0D550 /* MapView.swift in Sources */,
				8E58B93D28CE06CD00A0D550 /* LandmarkCommands.swift in Sources */,
				8E58B93828CDFBF800A0D550 /* LandmarkDetail.swift in Sources */,
				8E58B92C28CDF95200A0D550 /* LandmarkRow.swift in Sources */,
				8E58B93328CDF95200A0D550 /* FavoriteButton.swift in Sources */,
				8E58B93228CDF95200A0D550 /* LandmarkList.swift in Sources */,
				8E58B93028CDF95200A0D550 /* CircleImage.swift in Sources */,
				8E58B92A28CDF95200A0D550 /* LandmarksApp.swift in Sources */,
				8E58B92D28CDF95200A0D550 /* Landmark.swift in Sources */,
				8E58B92F28CDF95200A0D550 /* ModelData.swift in Sources */,
			);
			runOnlyForDeploymentPostprocessing = 0;
		};
		8EC415A428BED9C200659D68 /* Sources */ = {
			isa = PBXSourcesBuildPhase;
			buildActionMask = 2147483647;
			files = (
				8E524DF928C4CF4E00DA7550 /* CategoryRow.swift in Sources */,
				8E524E0B28C503CE00DA7550 /* FeaturedCard.swift in Sources */,
				8E58B93C28CE06CD00A0D550 /* LandmarkCommands.swift in Sources */,
				8E524DFD28C4D78B00DA7550 /* Profile.swift in Sources */,
				8EC415AE28BED9C200659D68 /* ContentView.swift in Sources */,
				8E524DF728C4CC2500DA7550 /* CategoryHome.swift in Sources */,
				8E4B8F2C28C3D148004A2E65 /* HikeGraph.swift in Sources */,
				8E4B8F2028C3CB1A004A2E65 /* Badge.swift in Sources */,
				8E4B8F1228C3A64E004A2E65 /* LandmarkRow.swift in Sources */,
				8E4B8F2B28C3D148004A2E65 /* GraphCapsule.swift in Sources */,
				8EC415BC28BEDBF400659D68 /* MapView.swift in Sources */,
				8E524E0F28C50AE800DA7550 /* PageControl.swift in Sources */,
				8EC415AC28BED9C200659D68 /* LandmarksApp.swift in Sources */,
				8E524DFB28C4D0C000DA7550 /* CategoryItem.swift in Sources */,
				8E4B8F2D28C3D148004A2E65 /* HikeDetail.swift in Sources */,
				8E524E0228C4D99500DA7550 /* ProfileSummary.swift in Sources */,
				8E4B8F1828C3C1F1004A2E65 /* HexagonParameters.swift in Sources */,
				8E524E0028C4D87000DA7550 /* ProfileHost.swift in Sources */,
				8E4B8F2528C3D0AA004A2E65 /* Hike.swift in Sources */,
				8E4B8F1E28C3CA5C004A2E65 /* RotatedBadgeSymbol.swift in Sources */,
				8E524E0D28C504A000DA7550 /* PageView.swift in Sources */,
				8E4B8F1C28C3C966004A2E65 /* BadgeSymbol.swift in Sources */,
				8E524E0628C4E03300DA7550 /* ProfileEditor.swift in Sources */,
				8E4B8F0828C39C0F004A2E65 /* FavoriteButton.swift in Sources */,
				8E4B8F2E28C3D148004A2E65 /* HikeView.swift in Sources */,
				8E4B8F1628C3A695004A2E65 /* LandmarkList.swift in Sources */,
				8E524E0928C5021000DA7550 /* PageViewController.swift in Sources */,
				8E4B8F1A28C3C398004A2E65 /* BadgeBackground.swift in Sources */,
				8E524E0428C4DAEE00DA7550 /* HikeBadge.swift in Sources */,
				8EC415BA28BEDB7700659D68 /* CircleImage.swift in Sources */,
				8E914BC028C1752D00F543D7 /* Landmark.swift in Sources */,
				8E914BC228C177F500F543D7 /* ModelData.swift in Sources */,
				8E4B8F1528C3A695004A2E65 /* LandmarkDetail.swift in Sources */,
			);
			runOnlyForDeploymentPostprocessing = 0;
		};
/* End PBXSourcesBuildPhase section */

/* Begin PBXTargetDependency section */
		8E01D2FB28CA62A600C40D10 /* PBXTargetDependency */ = {
			isa = PBXTargetDependency;
			target = 8E01D2F728CA62A600C40D10 /* WatchLandmarks WatchKit Extension */;
			targetProxy = 8E01D2FA28CA62A600C40D10 /* PBXContainerItemProxy */;
		};
		8E01D30F28CA62A600C40D10 /* PBXTargetDependency */ = {
			isa = PBXTargetDependency;
			target = 8E01D2EF28CA62A500C40D10 /* WatchLandmarks */;
			targetProxy = 8E01D30E28CA62A600C40D10 /* PBXContainerItemProxy */;
		};
/* End PBXTargetDependency section */

/* Begin XCBuildConfiguration section */
		8E01D31228CA62A600C40D10 /* Debug */ = {
			isa = XCBuildConfiguration;
			buildSettings = {
				ALWAYS_EMBED_SWIFT_STANDARD_LIBRARIES = YES;
				ASSETCATALOG_COMPILER_APPICON_NAME = AppIcon;
				ASSETCATALOG_COMPILER_GLOBAL_ACCENT_COLOR_NAME = AccentColor;
				CODE_SIGN_STYLE = Automatic;
				CURRENT_PROJECT_VERSION = 1;
				GENERATE_INFOPLIST_FILE = YES;
				IBSC_MODULE = WatchLandmarks_WatchKit_Extension;
				INFOPLIST_KEY_CFBundleDisplayName = WatchLandmarks;
				INFOPLIST_KEY_UISupportedInterfaceOrientations = "UIInterfaceOrientationPortrait UIInterfaceOrientationPortraitUpsideDown";
				INFOPLIST_KEY_WKCompanionAppBundleIdentifier = "com.example-samplecode.Landmarks";
				MARKETING_VERSION = 1.0;
				PRODUCT_BUNDLE_IDENTIFIER = "com.example-samplecode.Landmarks.watchkitapp";
				PRODUCT_NAME = "$(TARGET_NAME)";
				SDKROOT = watchos;
				SKIP_INSTALL = YES;
				SWIFT_EMIT_LOC_STRINGS = YES;
				SWIFT_VERSION = 5.0;
				TARGETED_DEVICE_FAMILY = 4;
				WATCHOS_DEPLOYMENT_TARGET = 8.5;
			};
			name = Debug;
		};
		8E01D31328CA62A600C40D10 /* Release */ = {
			isa = XCBuildConfiguration;
			buildSettings = {
				ALWAYS_EMBED_SWIFT_STANDARD_LIBRARIES = YES;
				ASSETCATALOG_COMPILER_APPICON_NAME = AppIcon;
				ASSETCATALOG_COMPILER_GLOBAL_ACCENT_COLOR_NAME = AccentColor;
				CODE_SIGN_STYLE = Automatic;
				CURRENT_PROJECT_VERSION = 1;
				GENERATE_INFOPLIST_FILE = YES;
				IBSC_MODULE = WatchLandmarks_WatchKit_Extension;
				INFOPLIST_KEY_CFBundleDisplayName = WatchLandmarks;
				INFOPLIST_KEY_UISupportedInterfaceOrientations = "UIInterfaceOrientationPortrait UIInterfaceOrientationPortraitUpsideDown";
				INFOPLIST_KEY_WKCompanionAppBundleIdentifier = "com.example-samplecode.Landmarks";
				MARKETING_VERSION = 1.0;
				PRODUCT_BUNDLE_IDENTIFIER = "com.example-samplecode.Landmarks.watchkitapp";
				PRODUCT_NAME = "$(TARGET_NAME)";
				SDKROOT = watchos;
				SKIP_INSTALL = YES;
				SWIFT_EMIT_LOC_STRINGS = YES;
				SWIFT_VERSION = 5.0;
				TARGETED_DEVICE_FAMILY = 4;
				WATCHOS_DEPLOYMENT_TARGET = 8.5;
			};
			name = Release;
		};
		8E01D31528CA62A600C40D10 /* Debug */ = {
			isa = XCBuildConfiguration;
			buildSettings = {
				ASSETCATALOG_COMPILER_COMPLICATION_NAME = Complication;
				CODE_SIGN_STYLE = Automatic;
				CURRENT_PROJECT_VERSION = 1;
				DEVELOPMENT_ASSET_PATHS = "\"WatchLandmarks WatchKit Extension/Preview Content\"";
				ENABLE_PREVIEWS = YES;
				GENERATE_INFOPLIST_FILE = YES;
				INFOPLIST_FILE = "WatchLandmarks WatchKit Extension/Info.plist";
				INFOPLIST_KEY_CFBundleDisplayName = "WatchLandmarks WatchKit Extension";
				INFOPLIST_KEY_CLKComplicationPrincipalClass = WatchLandmarks_WatchKit_Extension.ComplicationController;
				INFOPLIST_KEY_NSHumanReadableCopyright = "";
				INFOPLIST_KEY_WKRunsIndependentlyOfCompanionApp = YES;
				LD_RUNPATH_SEARCH_PATHS = (
					"$(inherited)",
					"@executable_path/Frameworks",
					"@executable_path/../../Frameworks",
				);
				MARKETING_VERSION = 1.0;
				PRODUCT_BUNDLE_IDENTIFIER = "com.example-samplecode.Landmarks.watchkitapp.watchkitextension";
				PRODUCT_NAME = "${TARGET_NAME}";
				SDKROOT = watchos;
				SKIP_INSTALL = YES;
				SWIFT_EMIT_LOC_STRINGS = YES;
				SWIFT_VERSION = 5.0;
				TARGETED_DEVICE_FAMILY = 4;
				WATCHOS_DEPLOYMENT_TARGET = 8.5;
			};
			name = Debug;
		};
		8E01D31628CA62A600C40D10 /* Release */ = {
			isa = XCBuildConfiguration;
			buildSettings = {
				ASSETCATALOG_COMPILER_COMPLICATION_NAME = Complication;
				CODE_SIGN_STYLE = Automatic;
				CURRENT_PROJECT_VERSION = 1;
				DEVELOPMENT_ASSET_PATHS = "\"WatchLandmarks WatchKit Extension/Preview Content\"";
				ENABLE_PREVIEWS = YES;
				GENERATE_INFOPLIST_FILE = YES;
				INFOPLIST_FILE = "WatchLandmarks WatchKit Extension/Info.plist";
				INFOPLIST_KEY_CFBundleDisplayName = "WatchLandmarks WatchKit Extension";
				INFOPLIST_KEY_CLKComplicationPrincipalClass = WatchLandmarks_WatchKit_Extension.ComplicationController;
				INFOPLIST_KEY_NSHumanReadableCopyright = "";
				INFOPLIST_KEY_WKRunsIndependentlyOfCompanionApp = YES;
				LD_RUNPATH_SEARCH_PATHS = (
					"$(inherited)",
					"@executable_path/Frameworks",
					"@executable_path/../../Frameworks",
				);
				MARKETING_VERSION = 1.0;
				PRODUCT_BUNDLE_IDENTIFIER = "com.example-samplecode.Landmarks.watchkitapp.watchkitextension";
				PRODUCT_NAME = "${TARGET_NAME}";
				SDKROOT = watchos;
				SKIP_INSTALL = YES;
				SWIFT_EMIT_LOC_STRINGS = YES;
				SWIFT_VERSION = 5.0;
				TARGETED_DEVICE_FAMILY = 4;
				WATCHOS_DEPLOYMENT_TARGET = 8.5;
			};
			name = Release;
		};
		8E58B92728CDF68400A0D550 /* Debug */ = {
			isa = XCBuildConfiguration;
			buildSettings = {
				ASSETCATALOG_COMPILER_APPICON_NAME = AppIcon;
				ASSETCATALOG_COMPILER_GLOBAL_ACCENT_COLOR_NAME = AccentColor;
				CODE_SIGN_ENTITLEMENTS = MacLandmarks/MacLandmarks.entitlements;
				CODE_SIGN_STYLE = Automatic;
				COMBINE_HIDPI_IMAGES = YES;
				CURRENT_PROJECT_VERSION = 1;
				DEVELOPMENT_ASSET_PATHS = "\"MacLandmarks/Preview Content\"";
				ENABLE_PREVIEWS = YES;
				GENERATE_INFOPLIST_FILE = YES;
				INFOPLIST_KEY_NSHumanReadableCopyright = "";
				LD_RUNPATH_SEARCH_PATHS = (
					"$(inherited)",
					"@executable_path/../Frameworks",
				);
				MACOSX_DEPLOYMENT_TARGET = 12.3;
				MARKETING_VERSION = 1.0;
				PRODUCT_BUNDLE_IDENTIFIER = "com.example-samplecode.MacLandmarks";
				PRODUCT_NAME = "$(TARGET_NAME)";
				SDKROOT = macosx;
				SWIFT_EMIT_LOC_STRINGS = YES;
				SWIFT_VERSION = 5.0;
			};
			name = Debug;
		};
		8E58B92828CDF68400A0D550 /* Release */ = {
			isa = XCBuildConfiguration;
			buildSettings = {
				ASSETCATALOG_COMPILER_APPICON_NAME = AppIcon;
				ASSETCATALOG_COMPILER_GLOBAL_ACCENT_COLOR_NAME = AccentColor;
				CODE_SIGN_ENTITLEMENTS = MacLandmarks/MacLandmarks.entitlements;
				CODE_SIGN_STYLE = Automatic;
				COMBINE_HIDPI_IMAGES = YES;
				CURRENT_PROJECT_VERSION = 1;
				DEVELOPMENT_ASSET_PATHS = "\"MacLandmarks/Preview Content\"";
				ENABLE_PREVIEWS = YES;
				GENERATE_INFOPLIST_FILE = YES;
				INFOPLIST_KEY_NSHumanReadableCopyright = "";
				LD_RUNPATH_SEARCH_PATHS = (
					"$(inherited)",
					"@executable_path/../Frameworks",
				);
				MACOSX_DEPLOYMENT_TARGET = 12.3;
				MARKETING_VERSION = 1.0;
				PRODUCT_BUNDLE_IDENTIFIER = "com.example-samplecode.MacLandmarks";
				PRODUCT_NAME = "$(TARGET_NAME)";
				SDKROOT = macosx;
				SWIFT_EMIT_LOC_STRINGS = YES;
				SWIFT_VERSION = 5.0;
			};
			name = Release;
		};
		8EC415B428BED9CA00659D68 /* Debug */ = {
			isa = XCBuildConfiguration;
			buildSettings = {
				ALWAYS_SEARCH_USER_PATHS = NO;
				CLANG_ANALYZER_NONNULL = YES;
				CLANG_ANALYZER_NUMBER_OBJECT_CONVERSION = YES_AGGRESSIVE;
				CLANG_CXX_LANGUAGE_STANDARD = "gnu++17";
				CLANG_ENABLE_MODULES = YES;
				CLANG_ENABLE_OBJC_ARC = YES;
				CLANG_ENABLE_OBJC_WEAK = YES;
				CLANG_WARN_BLOCK_CAPTURE_AUTORELEASING = YES;
				CLANG_WARN_BOOL_CONVERSION = YES;
				CLANG_WARN_COMMA = YES;
				CLANG_WARN_CONSTANT_CONVERSION = YES;
				CLANG_WARN_DEPRECATED_OBJC_IMPLEMENTATIONS = YES;
				CLANG_WARN_DIRECT_OBJC_ISA_USAGE = YES_ERROR;
				CLANG_WARN_DOCUMENTATION_COMMENTS = YES;
				CLANG_WARN_EMPTY_BODY = YES;
				CLANG_WARN_ENUM_CONVERSION = YES;
				CLANG_WARN_INFINITE_RECURSION = YES;
				CLANG_WARN_INT_CONVERSION = YES;
				CLANG_WARN_NON_LITERAL_NULL_CONVERSION = YES;
				CLANG_WARN_OBJC_IMPLICIT_RETAIN_SELF = YES;
				CLANG_WARN_OBJC_LITERAL_CONVERSION = YES;
				CLANG_WARN_OBJC_ROOT_CLASS = YES_ERROR;
				CLANG_WARN_QUOTED_INCLUDE_IN_FRAMEWORK_HEADER = YES;
				CLANG_WARN_RANGE_LOOP_ANALYSIS = YES;
				CLANG_WARN_STRICT_PROTOTYPES = YES;
				CLANG_WARN_SUSPICIOUS_MOVE = YES;
				CLANG_WARN_UNGUARDED_AVAILABILITY = YES_AGGRESSIVE;
				CLANG_WARN_UNREACHABLE_CODE = YES;
				CLANG_WARN__DUPLICATE_METHOD_MATCH = YES;
				COPY_PHASE_STRIP = NO;
				DEBUG_INFORMATION_FORMAT = dwarf;
				ENABLE_STRICT_OBJC_MSGSEND = YES;
				ENABLE_TESTABILITY = YES;
				GCC_C_LANGUAGE_STANDARD = gnu11;
				GCC_DYNAMIC_NO_PIC = NO;
				GCC_NO_COMMON_BLOCKS = YES;
				GCC_OPTIMIZATION_LEVEL = 0;
				GCC_PREPROCESSOR_DEFINITIONS = (
					"DEBUG=1",
					"$(inherited)",
				);
				GCC_WARN_64_TO_32_BIT_CONVERSION = YES;
				GCC_WARN_ABOUT_RETURN_TYPE = YES_ERROR;
				GCC_WARN_UNDECLARED_SELECTOR = YES;
				GCC_WARN_UNINITIALIZED_AUTOS = YES_AGGRESSIVE;
				GCC_WARN_UNUSED_FUNCTION = YES;
				GCC_WARN_UNUSED_VARIABLE = YES;
				IPHONEOS_DEPLOYMENT_TARGET = 15.5;
				MTL_ENABLE_DEBUG_INFO = INCLUDE_SOURCE;
				MTL_FAST_MATH = YES;
				ONLY_ACTIVE_ARCH = YES;
				SDKROOT = iphoneos;
				SWIFT_ACTIVE_COMPILATION_CONDITIONS = DEBUG;
				SWIFT_OPTIMIZATION_LEVEL = "-Onone";
			};
			name = Debug;
		};
		8EC415B528BED9CA00659D68 /* Release */ = {
			isa = XCBuildConfiguration;
			buildSettings = {
				ALWAYS_SEARCH_USER_PATHS = NO;
				CLANG_ANALYZER_NONNULL = YES;
				CLANG_ANALYZER_NUMBER_OBJECT_CONVERSION = YES_AGGRESSIVE;
				CLANG_CXX_LANGUAGE_STANDARD = "gnu++17";
				CLANG_ENABLE_MODULES = YES;
				CLANG_ENABLE_OBJC_ARC = YES;
				CLANG_ENABLE_OBJC_WEAK = YES;
				CLANG_WARN_BLOCK_CAPTURE_AUTORELEASING = YES;
				CLANG_WARN_BOOL_CONVERSION = YES;
				CLANG_WARN_COMMA = YES;
				CLANG_WARN_CONSTANT_CONVERSION = YES;
				CLANG_WARN_DEPRECATED_OBJC_IMPLEMENTATIONS = YES;
				CLANG_WARN_DIRECT_OBJC_ISA_USAGE = YES_ERROR;
				CLANG_WARN_DOCUMENTATION_COMMENTS = YES;
				CLANG_WARN_EMPTY_BODY = YES;
				CLANG_WARN_ENUM_CONVERSION = YES;
				CLANG_WARN_INFINITE_RECURSION = YES;
				CLANG_WARN_INT_CONVERSION = YES;
				CLANG_WARN_NON_LITERAL_NULL_CONVERSION = YES;
				CLANG_WARN_OBJC_IMPLICIT_RETAIN_SELF = YES;
				CLANG_WARN_OBJC_LITERAL_CONVERSION = YES;
				CLANG_WARN_OBJC_ROOT_CLASS = YES_ERROR;
				CLANG_WARN_QUOTED_INCLUDE_IN_FRAMEWORK_HEADER = YES;
				CLANG_WARN_RANGE_LOOP_ANALYSIS = YES;
				CLANG_WARN_STRICT_PROTOTYPES = YES;
				CLANG_WARN_SUSPICIOUS_MOVE = YES;
				CLANG_WARN_UNGUARDED_AVAILABILITY = YES_AGGRESSIVE;
				CLANG_WARN_UNREACHABLE_CODE = YES;
				CLANG_WARN__DUPLICATE_METHOD_MATCH = YES;
				COPY_PHASE_STRIP = NO;
				DEBUG_INFORMATION_FORMAT = "dwarf-with-dsym";
				ENABLE_NS_ASSERTIONS = NO;
				ENABLE_STRICT_OBJC_MSGSEND = YES;
				GCC_C_LANGUAGE_STANDARD = gnu11;
				GCC_NO_COMMON_BLOCKS = YES;
				GCC_WARN_64_TO_32_BIT_CONVERSION = YES;
				GCC_WARN_ABOUT_RETURN_TYPE = YES_ERROR;
				GCC_WARN_UNDECLARED_SELECTOR = YES;
				GCC_WARN_UNINITIALIZED_AUTOS = YES_AGGRESSIVE;
				GCC_WARN_UNUSED_FUNCTION = YES;
				GCC_WARN_UNUSED_VARIABLE = YES;
				IPHONEOS_DEPLOYMENT_TARGET = 15.5;
				MTL_ENABLE_DEBUG_INFO = NO;
				MTL_FAST_MATH = YES;
				SDKROOT = iphoneos;
				SWIFT_COMPILATION_MODE = wholemodule;
				SWIFT_OPTIMIZATION_LEVEL = "-O";
				VALIDATE_PRODUCT = YES;
			};
			name = Release;
		};
		8EC415B728BED9CA00659D68 /* Debug */ = {
			isa = XCBuildConfiguration;
			buildSettings = {
				ASSETCATALOG_COMPILER_APPICON_NAME = AppIcon;
				ASSETCATALOG_COMPILER_GLOBAL_ACCENT_COLOR_NAME = AccentColor;
				CODE_SIGN_STYLE = Automatic;
				CURRENT_PROJECT_VERSION = 1;
				DEVELOPMENT_ASSET_PATHS = "\"Landmarks/Preview Content\"";
				ENABLE_PREVIEWS = YES;
				GENERATE_INFOPLIST_FILE = YES;
				INFOPLIST_KEY_UIApplicationSceneManifest_Generation = YES;
				INFOPLIST_KEY_UIApplicationSupportsIndirectInputEvents = YES;
				INFOPLIST_KEY_UILaunchScreen_Generation = YES;
				INFOPLIST_KEY_UISupportedInterfaceOrientations_iPad = "UIInterfaceOrientationPortrait UIInterfaceOrientationPortraitUpsideDown UIInterfaceOrientationLandscapeLeft UIInterfaceOrientationLandscapeRight";
				INFOPLIST_KEY_UISupportedInterfaceOrientations_iPhone = "UIInterfaceOrientationPortrait UIInterfaceOrientationLandscapeLeft UIInterfaceOrientationLandscapeRight";
				LD_RUNPATH_SEARCH_PATHS = (
					"$(inherited)",
					"@executable_path/Frameworks",
				);
				MARKETING_VERSION = 1.0;
				PRODUCT_BUNDLE_IDENTIFIER = "com.example-samplecode.Landmarks";
				PRODUCT_NAME = "$(TARGET_NAME)";
				SWIFT_EMIT_LOC_STRINGS = YES;
				SWIFT_VERSION = 5.0;
				TARGETED_DEVICE_FAMILY = "1,2";
			};
			name = Debug;
		};
		8EC415B828BED9CA00659D68 /* Release */ = {
			isa = XCBuildConfiguration;
			buildSettings = {
				ASSETCATALOG_COMPILER_APPICON_NAME = AppIcon;
				ASSETCATALOG_COMPILER_GLOBAL_ACCENT_COLOR_NAME = AccentColor;
				CODE_SIGN_STYLE = Automatic;
				CURRENT_PROJECT_VERSION = 1;
				DEVELOPMENT_ASSET_PATHS = "\"Landmarks/Preview Content\"";
				ENABLE_PREVIEWS = YES;
				GENERATE_INFOPLIST_FILE = YES;
				INFOPLIST_KEY_UIApplicationSceneManifest_Generation = YES;
				INFOPLIST_KEY_UIApplicationSupportsIndirectInputEvents = YES;
				INFOPLIST_KEY_UILaunchScreen_Generation = YES;
				INFOPLIST_KEY_UISupportedInterfaceOrientations_iPad = "UIInterfaceOrientationPortrait UIInterfaceOrientationPortraitUpsideDown UIInterfaceOrientationLandscapeLeft UIInterfaceOrientationLandscapeRight";
				INFOPLIST_KEY_UISupportedInterfaceOrientations_iPhone = "UIInterfaceOrientationPortrait UIInterfaceOrientationLandscapeLeft UIInterfaceOrientationLandscapeRight";
				LD_RUNPATH_SEARCH_PATHS = (
					"$(inherited)",
					"@executable_path/Frameworks",
				);
				MARKETING_VERSION = 1.0;
				PRODUCT_BUNDLE_IDENTIFIER = "com.example-samplecode.Landmarks";
				PRODUCT_NAME = "$(TARGET_NAME)";
				SWIFT_EMIT_LOC_STRINGS = YES;
				SWIFT_VERSION = 5.0;
				TARGETED_DEVICE_FAMILY = "1,2";
			};
			name = Release;
		};
/* End XCBuildConfiguration section */

/* Begin XCConfigurationList section */
		8E01D31728CA62A600C40D10 /* Build configuration list for PBXNativeTarget "WatchLandmarks WatchKit Extension" */ = {
			isa = XCConfigurationList;
			buildConfigurations = (
				8E01D31528CA62A600C40D10 /* Debug */,
				8E01D31628CA62A600C40D10 /* Release */,
			);
			defaultConfigurationIsVisible = 0;
			defaultConfigurationName = Release;
		};
		8E01D31828CA62A600C40D10 /* Build configuration list for PBXNativeTarget "WatchLandmarks" */ = {
			isa = XCConfigurationList;
			buildConfigurations = (
				8E01D31228CA62A600C40D10 /* Debug */,
				8E01D31328CA62A600C40D10 /* Release */,
			);
			defaultConfigurationIsVisible = 0;
			defaultConfigurationName = Release;
		};
		8E58B92928CDF68400A0D550 /* Build configuration list for PBXNativeTarget "MacLandmarks" */ = {
			isa = XCConfigurationList;
			buildConfigurations = (
				8E58B92728CDF68400A0D550 /* Debug */,
				8E58B92828CDF68400A0D550 /* Release */,
			);
			defaultConfigurationIsVisible = 0;
			defaultConfigurationName = Release;
		};
		8EC415A328BED9C200659D68 /* Build configuration list for PBXProject "Landmarks" */ = {
			isa = XCConfigurationList;
			buildConfigurations = (
				8EC415B428BED9CA00659D68 /* Debug */,
				8EC415B528BED9CA00659D68 /* Release */,
			);
			defaultConfigurationIsVisible = 0;
			defaultConfigurationName = Release;
		};
		8EC415B628BED9CA00659D68 /* Build configuration list for PBXNativeTarget "Landmarks" */ = {
			isa = XCConfigurationList;
			buildConfigurations = (
				8EC415B728BED9CA00659D68 /* Debug */,
				8EC415B828BED9CA00659D68 /* Release */,
			);
			defaultConfigurationIsVisible = 0;
			defaultConfigurationName = Release;
		};
/* End XCConfigurationList section */
	};
	rootObject = 8EC415A028BED9C200659D68 /* Project object */;
}
