// !$*UTF8*$!
{
	archiveVersion = 1;
	classes = {
	};
	objectVersion = 55;
	objects = {

/* Begin PBXBuildFile section */
		8E4B8F0828C39C0F004A2E65 /* FavoriteButton.swift in Sources */ = {isa = PBXBuildFile; fileRef = 8E4B8F0728C39C0F004A2E65 /* FavoriteButton.swift */; };
		8E4B8F1228C3A64E004A2E65 /* LandmarkRow.swift in Sources */ = {isa = PBXBuildFile; fileRef = 8E4B8F0F28C3A64E004A2E65 /* LandmarkRow.swift */; };
		8E4B8F1528C3A695004A2E65 /* LandmarkDetail.swift in Sources */ = {isa = PBXBuildFile; fileRef = 8E4B8F1328C3A695004A2E65 /* LandmarkDetail.swift */; };
		8E4B8F1628C3A695004A2E65 /* LandmarkList.swift in Sources */ = {isa = PBXBuildFile; fileRef = 8E4B8F1428C3A695004A2E65 /* LandmarkList.swift */; };
		8E4B8F1828C3C1F1004A2E65 /* HexagonParameters.swift in Sources */ = {isa = PBXBuildFile; fileRef = 8E4B8F1728C3C1F1004A2E65 /* HexagonParameters.swift */; };
		8E4B8F1A28C3C398004A2E65 /* BadgeBackground.swift in Sources */ = {isa = PBXBuildFile; fileRef = 8E4B8F1928C3C398004A2E65 /* BadgeBackground.swift */; };
		8E4B8F1C28C3C966004A2E65 /* BadgeSymbol.swift in Sources */ = {isa = PBXBuildFile; fileRef = 8E4B8F1B28C3C966004A2E65 /* BadgeSymbol.swift */; };
		8E4B8F1E28C3CA5C004A2E65 /* RotatedBadgeSymbol.swift in Sources */ = {isa = PBXBuildFile; fileRef = 8E4B8F1D28C3CA5C004A2E65 /* RotatedBadgeSymbol.swift */; };
		8E4B8F2028C3CB1A004A2E65 /* Badge.swift in Sources */ = {isa = PBXBuildFile; fileRef = 8E4B8F1F28C3CB1A004A2E65 /* Badge.swift */; };
		8E4B8F2328C3D063004A2E65 /* hikeData.json in Resources */ = {isa = PBXBuildFile; fileRef = 8E4B8F2228C3D063004A2E65 /* hikeData.json */; };
		8E4B8F2528C3D0AA004A2E65 /* Hike.swift in Sources */ = {isa = PBXBuildFile; fileRef = 8E4B8F2428C3D0AA004A2E65 /* Hike.swift */; };
		8E4B8F2B28C3D148004A2E65 /* GraphCapsule.swift in Sources */ = {isa = PBXBuildFile; fileRef = 8E4B8F2728C3D148004A2E65 /* GraphCapsule.swift */; };
		8E4B8F2C28C3D148004A2E65 /* HikeGraph.swift in Sources */ = {isa = PBXBuildFile; fileRef = 8E4B8F2828C3D148004A2E65 /* HikeGraph.swift */; };
		8E4B8F2D28C3D148004A2E65 /* HikeDetail.swift in Sources */ = {isa = PBXBuildFile; fileRef = 8E4B8F2928C3D148004A2E65 /* HikeDetail.swift */; };
		8E4B8F2E28C3D148004A2E65 /* HikeView.swift in Sources */ = {isa = PBXBuildFile; fileRef = 8E4B8F2A28C3D148004A2E65 /* HikeView.swift */; };
		8E914BBE28C174F200F543D7 /* landmarkData.json in Resources */ = {isa = PBXBuildFile; fileRef = 8E914BBD28C174F200F543D7 /* landmarkData.json */; };
		8E914BC028C1752D00F543D7 /* Landmark.swift in Sources */ = {isa = PBXBuildFile; fileRef = 8E914BBF28C1752D00F543D7 /* Landmark.swift */; };
		8E914BC228C177F500F543D7 /* ModelData.swift in Sources */ = {isa = PBXBuildFile; fileRef = 8E914BC128C177F500F543D7 /* ModelData.swift */; };
		8EC415AC28BED9C200659D68 /* LandmarksApp.swift in Sources */ = {isa = PBXBuildFile; fileRef = 8EC415AB28BED9C200659D68 /* LandmarksApp.swift */; };
		8EC415AE28BED9C200659D68 /* ContentView.swift in Sources */ = {isa = PBXBuildFile; fileRef = 8EC415AD28BED9C200659D68 /* ContentView.swift */; };
		8EC415B028BED9CA00659D68 /* Assets.xcassets in Resources */ = {isa = PBXBuildFile; fileRef = 8EC415AF28BED9CA00659D68 /* Assets.xcassets */; };
		8EC415B328BED9CA00659D68 /* Preview Assets.xcassets in Resources */ = {isa = PBXBuildFile; fileRef = 8EC415B228BED9CA00659D68 /* Preview Assets.xcassets */; };
		8EC415BA28BEDB7700659D68 /* CircleImage.swift in Sources */ = {isa = PBXBuildFile; fileRef = 8EC415B928BEDB7700659D68 /* CircleImage.swift */; };
		8EC415BC28BEDBF400659D68 /* MapView.swift in Sources */ = {isa = PBXBuildFile; fileRef = 8EC415BB28BEDBF400659D68 /* MapView.swift */; };
/* End PBXBuildFile section */

/* Begin PBXFileReference section */
		8E4B8F0728C39C0F004A2E65 /* FavoriteButton.swift */ = {isa = PBXFileReference; lastKnownFileType = sourcecode.swift; path = FavoriteButton.swift; sourceTree = "<group>"; };
		8E4B8F0F28C3A64E004A2E65 /* LandmarkRow.swift */ = {isa = PBXFileReference; fileEncoding = 4; lastKnownFileType = sourcecode.swift; path = LandmarkRow.swift; sourceTree = "<group>"; };
		8E4B8F1328C3A695004A2E65 /* LandmarkDetail.swift */ = {isa = PBXFileReference; fileEncoding = 4; lastKnownFileType = sourcecode.swift; path = LandmarkDetail.swift; sourceTree = "<group>"; };
		8E4B8F1428C3A695004A2E65 /* LandmarkList.swift */ = {isa = PBXFileReference; fileEncoding = 4; lastKnownFileType = sourcecode.swift; path = LandmarkList.swift; sourceTree = "<group>"; };
		8E4B8F1728C3C1F1004A2E65 /* HexagonParameters.swift */ = {isa = PBXFileReference; lastKnownFileType = sourcecode.swift; name = HexagonParameters.swift; path = Landmarks/Views/Badges/HexagonParameters.swift; sourceTree = SOURCE_ROOT; };
		8E4B8F1928C3C398004A2E65 /* BadgeBackground.swift */ = {isa = PBXFileReference; lastKnownFileType = sourcecode.swift; path = BadgeBackground.swift; sourceTree = "<group>"; };
		8E4B8F1B28C3C966004A2E65 /* BadgeSymbol.swift */ = {isa = PBXFileReference; lastKnownFileType = sourcecode.swift; name = BadgeSymbol.swift; path = Landmarks/Views/Badges/BadgeSymbol.swift; sourceTree = SOURCE_ROOT; };
		8E4B8F1D28C3CA5C004A2E65 /* RotatedBadgeSymbol.swift */ = {isa = PBXFileReference; lastKnownFileType = sourcecode.swift; path = RotatedBadgeSymbol.swift; sourceTree = "<group>"; };
		8E4B8F1F28C3CB1A004A2E65 /* Badge.swift */ = {isa = PBXFileReference; lastKnownFileType = sourcecode.swift; path = Badge.swift; sourceTree = "<group>"; };
		8E4B8F2228C3D063004A2E65 /* hikeData.json */ = {isa = PBXFileReference; fileEncoding = 4; lastKnownFileType = text.json; path = hikeData.json; sourceTree = "<group>"; };
		8E4B8F2428C3D0AA004A2E65 /* Hike.swift */ = {isa = PBXFileReference; lastKnownFileType = sourcecode.swift; path = Hike.swift; sourceTree = SOURCE_ROOT; };
		8E4B8F2728C3D148004A2E65 /* GraphCapsule.swift */ = {isa = PBXFileReference; fileEncoding = 4; lastKnownFileType = sourcecode.swift; path = GraphCapsule.swift; sourceTree = "<group>"; };
		8E4B8F2828C3D148004A2E65 /* HikeGraph.swift */ = {isa = PBXFileReference; fileEncoding = 4; lastKnownFileType = sourcecode.swift; path = HikeGraph.swift; sourceTree = "<group>"; };
		8E4B8F2928C3D148004A2E65 /* HikeDetail.swift */ = {isa = PBXFileReference; fileEncoding = 4; lastKnownFileType = sourcecode.swift; path = HikeDetail.swift; sourceTree = "<group>"; };
		8E4B8F2A28C3D148004A2E65 /* HikeView.swift */ = {isa = PBXFileReference; fileEncoding = 4; lastKnownFileType = sourcecode.swift; path = HikeView.swift; sourceTree = "<group>"; };
		8E914BBD28C174F200F543D7 /* landmarkData.json */ = {isa = PBXFileReference; fileEncoding = 4; lastKnownFileType = text.json; path = landmarkData.json; sourceTree = "<group>"; };
		8E914BBF28C1752D00F543D7 /* Landmark.swift */ = {isa = PBXFileReference; lastKnownFileType = sourcecode.swift; path = Landmark.swift; sourceTree = "<group>"; };
		8E914BC128C177F500F543D7 /* ModelData.swift */ = {isa = PBXFileReference; lastKnownFileType = sourcecode.swift; path = ModelData.swift; sourceTree = "<group>"; };
		8EC415A828BED9C200659D68 /* Landmarks.app */ = {isa = PBXFileReference; explicitFileType = wrapper.application; includeInIndex = 0; path = Landmarks.app; sourceTree = BUILT_PRODUCTS_DIR; };
		8EC415AB28BED9C200659D68 /* LandmarksApp.swift */ = {isa = PBXFileReference; lastKnownFileType = sourcecode.swift; path = LandmarksApp.swift; sourceTree = "<group>"; };
		8EC415AD28BED9C200659D68 /* ContentView.swift */ = {isa = PBXFileReference; lastKnownFileType = sourcecode.swift; path = ContentView.swift; sourceTree = "<group>"; };
		8EC415AF28BED9CA00659D68 /* Assets.xcassets */ = {isa = PBXFileReference; lastKnownFileType = folder.assetcatalog; path = Assets.xcassets; sourceTree = "<group>"; };
		8EC415B228BED9CA00659D68 /* Preview Assets.xcassets */ = {isa = PBXFileReference; lastKnownFileType = folder.assetcatalog; path = "Preview Assets.xcassets"; sourceTree = "<group>"; };
		8EC415B928BEDB7700659D68 /* CircleImage.swift */ = {isa = PBXFileReference; lastKnownFileType = sourcecode.swift; path = CircleImage.swift; sourceTree = "<group>"; };
		8EC415BB28BEDBF400659D68 /* MapView.swift */ = {isa = PBXFileReference; lastKnownFileType = sourcecode.swift; path = MapView.swift; sourceTree = "<group>"; };
/* End PBXFileReference section */

/* Begin PBXFrameworksBuildPhase section */
		8EC415A528BED9C200659D68 /* Frameworks */ = {
			isa = PBXFrameworksBuildPhase;
			buildActionMask = 2147483647;
			files = (
			);
			runOnlyForDeploymentPostprocessing = 0;
		};
/* End PBXFrameworksBuildPhase section */

/* Begin PBXGroup section */
		8E4B8F0A28C39D29004A2E65 /* Helpers */ = {
			isa = PBXGroup;
			children = (
				8E4B8F0728C39C0F004A2E65 /* FavoriteButton.swift */,
				8EC415BB28BEDBF400659D68 /* MapView.swift */,
				8EC415B928BEDB7700659D68 /* CircleImage.swift */,
			);
			path = Helpers;
			sourceTree = "<group>";
		};
		8E4B8F0C28C3A64E004A2E65 /* Landmarks */ = {
			isa = PBXGroup;
			children = (
				8E4B8F1328C3A695004A2E65 /* LandmarkDetail.swift */,
				8E4B8F1428C3A695004A2E65 /* LandmarkList.swift */,
				8E4B8F0F28C3A64E004A2E65 /* LandmarkRow.swift */,
			);
			path = Landmarks;
			sourceTree = "<group>";
		};
		8E4B8F2128C3CC6E004A2E65 /* Badges */ = {
			isa = PBXGroup;
			children = (
				8E4B8F1D28C3CA5C004A2E65 /* RotatedBadgeSymbol.swift */,
				8E4B8F1B28C3C966004A2E65 /* BadgeSymbol.swift */,
				8E4B8F1928C3C398004A2E65 /* BadgeBackground.swift */,
				8E4B8F1728C3C1F1004A2E65 /* HexagonParameters.swift */,
				8E4B8F1F28C3CB1A004A2E65 /* Badge.swift */,
			);
			path = Badges;
			sourceTree = "<group>";
		};
		8E4B8F2628C3D148004A2E65 /* Hikes */ = {
			isa = PBXGroup;
			children = (
				8E4B8F2728C3D148004A2E65 /* GraphCapsule.swift */,
				8E4B8F2828C3D148004A2E65 /* HikeGraph.swift */,
				8E4B8F2928C3D148004A2E65 /* HikeDetail.swift */,
				8E4B8F2A28C3D148004A2E65 /* HikeView.swift */,
			);
			path = Hikes;
			sourceTree = "<group>";
		};
		8E914BC328C17A7500F543D7 /* Views */ = {
			isa = PBXGroup;
			children = (
				8E4B8F2628C3D148004A2E65 /* Hikes */,
				8E4B8F2128C3CC6E004A2E65 /* Badges */,
				8E4B8F0C28C3A64E004A2E65 /* Landmarks */,
				8E4B8F0A28C39D29004A2E65 /* Helpers */,
				8EC415AD28BED9C200659D68 /* ContentView.swift */,
			);
			path = Views;
			sourceTree = "<group>";
		};
		8E914BC428C17A8A00F543D7 /* Model */ = {
			isa = PBXGroup;
			children = (
				8E4B8F2428C3D0AA004A2E65 /* Hike.swift */,
				8E914BBF28C1752D00F543D7 /* Landmark.swift */,
				8E914BC128C177F500F543D7 /* ModelData.swift */,
			);
			path = Model;
			sourceTree = "<group>";
		};
		8E914BC528C17AAF00F543D7 /* Resources */ = {
			isa = PBXGroup;
			children = (
				8E4B8F2228C3D063004A2E65 /* hikeData.json */,
				8E914BBD28C174F200F543D7 /* landmarkData.json */,
			);
			path = Resources;
			sourceTree = "<group>";
		};
		8EC4159F28BED9C200659D68 = {
			isa = PBXGroup;
			children = (
				8EC415AA28BED9C200659D68 /* Landmarks */,
				8EC415A928BED9C200659D68 /* Products */,
			);
			sourceTree = "<group>";
		};
		8EC415A928BED9C200659D68 /* Products */ = {
			isa = PBXGroup;
			children = (
				8EC415A828BED9C200659D68 /* Landmarks.app */,
			);
			name = Products;
			sourceTree = "<group>";
		};
		8EC415AA28BED9C200659D68 /* Landmarks */ = {
			isa = PBXGroup;
			children = (
				8E914BC528C17AAF00F543D7 /* Resources */,
				8E914BC428C17A8A00F543D7 /* Model */,
				8E914BC328C17A7500F543D7 /* Views */,
				8EC415AB28BED9C200659D68 /* LandmarksApp.swift */,
				8EC415AF28BED9CA00659D68 /* Assets.xcassets */,
				8EC415B128BED9CA00659D68 /* Preview Content */,
			);
			path = Landmarks;
			sourceTree = "<group>";
		};
		8EC415B128BED9CA00659D68 /* Preview Content */ = {
			isa = PBXGroup;
			children = (
				8EC415B228BED9CA00659D68 /* Preview Assets.xcassets */,
			);
			path = "Preview Content";
			sourceTree = "<group>";
		};
/* End PBXGroup section */

/* Begin PBXNativeTarget section */
		8EC415A728BED9C200659D68 /* Landmarks */ = {
			isa = PBXNativeTarget;
			buildConfigurationList = 8EC415B628BED9CA00659D68 /* Build configuration list for PBXNativeTarget "Landmarks" */;
			buildPhases = (
				8EC415A428BED9C200659D68 /* Sources */,
				8EC415A528BED9C200659D68 /* Frameworks */,
				8EC415A628BED9C200659D68 /* Resources */,
			);
			buildRules = (
			);
			dependencies = (
			);
			name = Landmarks;
			productName = Landmarks;
			productReference = 8EC415A828BED9C200659D68 /* Landmarks.app */;
			productType = "com.apple.product-type.application";
		};
/* End PBXNativeTarget section */

/* Begin PBXProject section */
		8EC415A028BED9C200659D68 /* Project object */ = {
			isa = PBXProject;
			attributes = {
				BuildIndependentTargetsInParallel = 1;
				LastSwiftUpdateCheck = 1340;
				LastUpgradeCheck = 1340;
				TargetAttributes = {
					8EC415A728BED9C200659D68 = {
						CreatedOnToolsVersion = 13.4.1;
					};
				};
			};
			buildConfigurationList = 8EC415A328BED9C200659D68 /* Build configuration list for PBXProject "Landmarks" */;
			compatibilityVersion = "Xcode 13.0";
			developmentRegion = en;
			hasScannedForEncodings = 0;
			knownRegions = (
				en,
				Base,
			);
			mainGroup = 8EC4159F28BED9C200659D68;
			productRefGroup = 8EC415A928BED9C200659D68 /* Products */;
			projectDirPath = "";
			projectRoot = "";
			targets = (
				8EC415A728BED9C200659D68 /* Landmarks */,
			);
		};
/* End PBXProject section */

/* Begin PBXResourcesBuildPhase section */
		8EC415A628BED9C200659D68 /* Resources */ = {
			isa = PBXResourcesBuildPhase;
			buildActionMask = 2147483647;
			files = (
				8E4B8F2328C3D063004A2E65 /* hikeData.json in Resources */,
				8EC415B328BED9CA00659D68 /* Preview Assets.xcassets in Resources */,
				8EC415B028BED9CA00659D68 /* Assets.xcassets in Resources */,
				8E914BBE28C174F200F543D7 /* landmarkData.json in Resources */,
			);
			runOnlyForDeploymentPostprocessing = 0;
		};
/* End PBXResourcesBuildPhase section */

/* Begin PBXSourcesBuildPhase section */
		8EC415A428BED9C200659D68 /* Sources */ = {
			isa = PBXSourcesBuildPhase;
			buildActionMask = 2147483647;
			files = (
				8EC415AE28BED9C200659D68 /* ContentView.swift in Sources */,
				8E4B8F2C28C3D148004A2E65 /* HikeGraph.swift in Sources */,
				8E4B8F2028C3CB1A004A2E65 /* Badge.swift in Sources */,
				8E4B8F1228C3A64E004A2E65 /* LandmarkRow.swift in Sources */,
				8E4B8F2B28C3D148004A2E65 /* GraphCapsule.swift in Sources */,
				8EC415BC28BEDBF400659D68 /* MapView.swift in Sources */,
				8EC415AC28BED9C200659D68 /* LandmarksApp.swift in Sources */,
				8E4B8F2D28C3D148004A2E65 /* HikeDetail.swift in Sources */,
				8E4B8F1828C3C1F1004A2E65 /* HexagonParameters.swift in Sources */,
				8E4B8F2528C3D0AA004A2E65 /* Hike.swift in Sources */,
				8E4B8F1E28C3CA5C004A2E65 /* RotatedBadgeSymbol.swift in Sources */,
				8E4B8F1C28C3C966004A2E65 /* BadgeSymbol.swift in Sources */,
				8E4B8F0828C39C0F004A2E65 /* FavoriteButton.swift in Sources */,
				8E4B8F2E28C3D148004A2E65 /* HikeView.swift in Sources */,
				8E4B8F1628C3A695004A2E65 /* LandmarkList.swift in Sources */,
				8E4B8F1A28C3C398004A2E65 /* BadgeBackground.swift in Sources */,
				8EC415BA28BEDB7700659D68 /* CircleImage.swift in Sources */,
				8E914BC028C1752D00F543D7 /* Landmark.swift in Sources */,
				8E914BC228C177F500F543D7 /* ModelData.swift in Sources */,
				8E4B8F1528C3A695004A2E65 /* LandmarkDetail.swift in Sources */,
			);
			runOnlyForDeploymentPostprocessing = 0;
		};
/* End PBXSourcesBuildPhase section */

/* Begin XCBuildConfiguration section */
		8EC415B428BED9CA00659D68 /* Debug */ = {
			isa = XCBuildConfiguration;
			buildSettings = {
				ALWAYS_SEARCH_USER_PATHS = NO;
				CLANG_ANALYZER_NONNULL = YES;
				CLANG_ANALYZER_NUMBER_OBJECT_CONVERSION = YES_AGGRESSIVE;
				CLANG_CXX_LANGUAGE_STANDARD = "gnu++17";
				CLANG_ENABLE_MODULES = YES;
				CLANG_ENABLE_OBJC_ARC = YES;
				CLANG_ENABLE_OBJC_WEAK = YES;
				CLANG_WARN_BLOCK_CAPTURE_AUTORELEASING = YES;
				CLANG_WARN_BOOL_CONVERSION = YES;
				CLANG_WARN_COMMA = YES;
				CLANG_WARN_CONSTANT_CONVERSION = YES;
				CLANG_WARN_DEPRECATED_OBJC_IMPLEMENTATIONS = YES;
				CLANG_WARN_DIRECT_OBJC_ISA_USAGE = YES_ERROR;
				CLANG_WARN_DOCUMENTATION_COMMENTS = YES;
				CLANG_WARN_EMPTY_BODY = YES;
				CLANG_WARN_ENUM_CONVERSION = YES;
				CLANG_WARN_INFINITE_RECURSION = YES;
				CLANG_WARN_INT_CONVERSION = YES;
				CLANG_WARN_NON_LITERAL_NULL_CONVERSION = YES;
				CLANG_WARN_OBJC_IMPLICIT_RETAIN_SELF = YES;
				CLANG_WARN_OBJC_LITERAL_CONVERSION = YES;
				CLANG_WARN_OBJC_ROOT_CLASS = YES_ERROR;
				CLANG_WARN_QUOTED_INCLUDE_IN_FRAMEWORK_HEADER = YES;
				CLANG_WARN_RANGE_LOOP_ANALYSIS = YES;
				CLANG_WARN_STRICT_PROTOTYPES = YES;
				CLANG_WARN_SUSPICIOUS_MOVE = YES;
				CLANG_WARN_UNGUARDED_AVAILABILITY = YES_AGGRESSIVE;
				CLANG_WARN_UNREACHABLE_CODE = YES;
				CLANG_WARN__DUPLICATE_METHOD_MATCH = YES;
				COPY_PHASE_STRIP = NO;
				DEBUG_INFORMATION_FORMAT = dwarf;
				ENABLE_STRICT_OBJC_MSGSEND = YES;
				ENABLE_TESTABILITY = YES;
				GCC_C_LANGUAGE_STANDARD = gnu11;
				GCC_DYNAMIC_NO_PIC = NO;
				GCC_NO_COMMON_BLOCKS = YES;
				GCC_OPTIMIZATION_LEVEL = 0;
				GCC_PREPROCESSOR_DEFINITIONS = (
					"DEBUG=1",
					"$(inherited)",
				);
				GCC_WARN_64_TO_32_BIT_CONVERSION = YES;
				GCC_WARN_ABOUT_RETURN_TYPE = YES_ERROR;
				GCC_WARN_UNDECLARED_SELECTOR = YES;
				GCC_WARN_UNINITIALIZED_AUTOS = YES_AGGRESSIVE;
				GCC_WARN_UNUSED_FUNCTION = YES;
				GCC_WARN_UNUSED_VARIABLE = YES;
				IPHONEOS_DEPLOYMENT_TARGET = 15.5;
				MTL_ENABLE_DEBUG_INFO = INCLUDE_SOURCE;
				MTL_FAST_MATH = YES;
				ONLY_ACTIVE_ARCH = YES;
				SDKROOT = iphoneos;
				SWIFT_ACTIVE_COMPILATION_CONDITIONS = DEBUG;
				SWIFT_OPTIMIZATION_LEVEL = "-Onone";
			};
			name = Debug;
		};
		8EC415B528BED9CA00659D68 /* Release */ = {
			isa = XCBuildConfiguration;
			buildSettings = {
				ALWAYS_SEARCH_USER_PATHS = NO;
				CLANG_ANALYZER_NONNULL = YES;
				CLANG_ANALYZER_NUMBER_OBJECT_CONVERSION = YES_AGGRESSIVE;
				CLANG_CXX_LANGUAGE_STANDARD = "gnu++17";
				CLANG_ENABLE_MODULES = YES;
				CLANG_ENABLE_OBJC_ARC = YES;
				CLANG_ENABLE_OBJC_WEAK = YES;
				CLANG_WARN_BLOCK_CAPTURE_AUTORELEASING = YES;
				CLANG_WARN_BOOL_CONVERSION = YES;
				CLANG_WARN_COMMA = YES;
				CLANG_WARN_CONSTANT_CONVERSION = YES;
				CLANG_WARN_DEPRECATED_OBJC_IMPLEMENTATIONS = YES;
				CLANG_WARN_DIRECT_OBJC_ISA_USAGE = YES_ERROR;
				CLANG_WARN_DOCUMENTATION_COMMENTS = YES;
				CLANG_WARN_EMPTY_BODY = YES;
				CLANG_WARN_ENUM_CONVERSION = YES;
				CLANG_WARN_INFINITE_RECURSION = YES;
				CLANG_WARN_INT_CONVERSION = YES;
				CLANG_WARN_NON_LITERAL_NULL_CONVERSION = YES;
				CLANG_WARN_OBJC_IMPLICIT_RETAIN_SELF = YES;
				CLANG_WARN_OBJC_LITERAL_CONVERSION = YES;
				CLANG_WARN_OBJC_ROOT_CLASS = YES_ERROR;
				CLANG_WARN_QUOTED_INCLUDE_IN_FRAMEWORK_HEADER = YES;
				CLANG_WARN_RANGE_LOOP_ANALYSIS = YES;
				CLANG_WARN_STRICT_PROTOTYPES = YES;
				CLANG_WARN_SUSPICIOUS_MOVE = YES;
				CLANG_WARN_UNGUARDED_AVAILABILITY = YES_AGGRESSIVE;
				CLANG_WARN_UNREACHABLE_CODE = YES;
				CLANG_WARN__DUPLICATE_METHOD_MATCH = YES;
				COPY_PHASE_STRIP = NO;
				DEBUG_INFORMATION_FORMAT = "dwarf-with-dsym";
				ENABLE_NS_ASSERTIONS = NO;
				ENABLE_STRICT_OBJC_MSGSEND = YES;
				GCC_C_LANGUAGE_STANDARD = gnu11;
				GCC_NO_COMMON_BLOCKS = YES;
				GCC_WARN_64_TO_32_BIT_CONVERSION = YES;
				GCC_WARN_ABOUT_RETURN_TYPE = YES_ERROR;
				GCC_WARN_UNDECLARED_SELECTOR = YES;
				GCC_WARN_UNINITIALIZED_AUTOS = YES_AGGRESSIVE;
				GCC_WARN_UNUSED_FUNCTION = YES;
				GCC_WARN_UNUSED_VARIABLE = YES;
				IPHONEOS_DEPLOYMENT_TARGET = 15.5;
				MTL_ENABLE_DEBUG_INFO = NO;
				MTL_FAST_MATH = YES;
				SDKROOT = iphoneos;
				SWIFT_COMPILATION_MODE = wholemodule;
				SWIFT_OPTIMIZATION_LEVEL = "-O";
				VALIDATE_PRODUCT = YES;
			};
			name = Release;
		};
		8EC415B728BED9CA00659D68 /* Debug */ = {
			isa = XCBuildConfiguration;
			buildSettings = {
				ASSETCATALOG_COMPILER_APPICON_NAME = AppIcon;
				ASSETCATALOG_COMPILER_GLOBAL_ACCENT_COLOR_NAME = AccentColor;
				CODE_SIGN_STYLE = Automatic;
				CURRENT_PROJECT_VERSION = 1;
				DEVELOPMENT_ASSET_PATHS = "\"Landmarks/Preview Content\"";
				ENABLE_PREVIEWS = YES;
				GENERATE_INFOPLIST_FILE = YES;
				INFOPLIST_KEY_UIApplicationSceneManifest_Generation = YES;
				INFOPLIST_KEY_UIApplicationSupportsIndirectInputEvents = YES;
				INFOPLIST_KEY_UILaunchScreen_Generation = YES;
				INFOPLIST_KEY_UISupportedInterfaceOrientations_iPad = "UIInterfaceOrientationPortrait UIInterfaceOrientationPortraitUpsideDown UIInterfaceOrientationLandscapeLeft UIInterfaceOrientationLandscapeRight";
				INFOPLIST_KEY_UISupportedInterfaceOrientations_iPhone = "UIInterfaceOrientationPortrait UIInterfaceOrientationLandscapeLeft UIInterfaceOrientationLandscapeRight";
				LD_RUNPATH_SEARCH_PATHS = (
					"$(inherited)",
					"@executable_path/Frameworks",
				);
				MARKETING_VERSION = 1.0;
				PRODUCT_BUNDLE_IDENTIFIER = "com.example-samplecode.Landmarks";
				PRODUCT_NAME = "$(TARGET_NAME)";
				SWIFT_EMIT_LOC_STRINGS = YES;
				SWIFT_VERSION = 5.0;
				TARGETED_DEVICE_FAMILY = "1,2";
			};
			name = Debug;
		};
		8EC415B828BED9CA00659D68 /* Release */ = {
			isa = XCBuildConfiguration;
			buildSettings = {
				ASSETCATALOG_COMPILER_APPICON_NAME = AppIcon;
				ASSETCATALOG_COMPILER_GLOBAL_ACCENT_COLOR_NAME = AccentColor;
				CODE_SIGN_STYLE = Automatic;
				CURRENT_PROJECT_VERSION = 1;
				DEVELOPMENT_ASSET_PATHS = "\"Landmarks/Preview Content\"";
				ENABLE_PREVIEWS = YES;
				GENERATE_INFOPLIST_FILE = YES;
				INFOPLIST_KEY_UIApplicationSceneManifest_Generation = YES;
				INFOPLIST_KEY_UIApplicationSupportsIndirectInputEvents = YES;
				INFOPLIST_KEY_UILaunchScreen_Generation = YES;
				INFOPLIST_KEY_UISupportedInterfaceOrientations_iPad = "UIInterfaceOrientationPortrait UIInterfaceOrientationPortraitUpsideDown UIInterfaceOrientationLandscapeLeft UIInterfaceOrientationLandscapeRight";
				INFOPLIST_KEY_UISupportedInterfaceOrientations_iPhone = "UIInterfaceOrientationPortrait UIInterfaceOrientationLandscapeLeft UIInterfaceOrientationLandscapeRight";
				LD_RUNPATH_SEARCH_PATHS = (
					"$(inherited)",
					"@executable_path/Frameworks",
				);
				MARKETING_VERSION = 1.0;
				PRODUCT_BUNDLE_IDENTIFIER = "com.example-samplecode.Landmarks";
				PRODUCT_NAME = "$(TARGET_NAME)";
				SWIFT_EMIT_LOC_STRINGS = YES;
				SWIFT_VERSION = 5.0;
				TARGETED_DEVICE_FAMILY = "1,2";
			};
			name = Release;
		};
/* End XCBuildConfiguration section */

/* Begin XCConfigurationList section */
		8EC415A328BED9C200659D68 /* Build configuration list for PBXProject "Landmarks" */ = {
			isa = XCConfigurationList;
			buildConfigurations = (
				8EC415B428BED9CA00659D68 /* Debug */,
				8EC415B528BED9CA00659D68 /* Release */,
			);
			defaultConfigurationIsVisible = 0;
			defaultConfigurationName = Release;
		};
		8EC415B628BED9CA00659D68 /* Build configuration list for PBXNativeTarget "Landmarks" */ = {
			isa = XCConfigurationList;
			buildConfigurations = (
				8EC415B728BED9CA00659D68 /* Debug */,
				8EC415B828BED9CA00659D68 /* Release */,
			);
			defaultConfigurationIsVisible = 0;
			defaultConfigurationName = Release;
		};
/* End XCConfigurationList section */
	};
	rootObject = 8EC415A028BED9C200659D68 /* Project object */;
}
